
Microsoft Visual Studio Solution File, Format Version 12.00
# Visual Studio 14
VisualStudioVersion = 14.0.25420.1
MinimumVisualStudioVersion = 10.0.40219.1
Project("{2150E333-8FDC-42A3-9474-1A3956D46DE8}") = "0-UI", "0-UI", "{3B717F45-B6D6-4158-BCFD-59190C505676}"
EndProject
Project("{2150E333-8FDC-42A3-9474-1A3956D46DE8}") = "2-IOC", "2-IOC", "{0C463D85-5A21-4B31-9A7B-CF148D709C59}"
EndProject
Project("{FAE04EC0-301F-11D3-BF4B-00C04F79EFBC}") = "Pragma.IOC", "Pragma.IOC\Pragma.IOC.csproj", "{3E5DAE00-770C-4D2A-A1E6-E085FD57BD22}"
EndProject
Project("{2150E333-8FDC-42A3-9474-1A3956D46DE8}") = "1-Core", "1-Core", "{B1AAE88C-169A-43BA-B8A1-8136C2237B7C}"
EndProject
Project("{2150E333-8FDC-42A3-9474-1A3956D46DE8}") = "4-DAL", "4-DAL", "{83289E7A-186D-4C0C-927B-B751ABA36A90}"
EndProject
Project("{2150E333-8FDC-42A3-9474-1A3956D46DE8}") = "3-Business", "3-Business", "{ACA70C1A-7039-4B37-B1AC-06FFA9B7386B}"
EndProject
Project("{FAE04EC0-301F-11D3-BF4B-00C04F79EFBC}") = "Pragma.Business", "Pragma.Business\Pragma.Business.csproj", "{6E705C0B-2C70-4ADA-ACE4-44BA7D929440}"
EndProject
Project("{FAE04EC0-301F-11D3-BF4B-00C04F79EFBC}") = "Pragma.DAO", "Pragma.DAO\Pragma.DAO.csproj", "{8AFC4C3D-B7B0-44BB-BF42-7918EEAE5D95}"
EndProject
Project("{FAE04EC0-301F-11D3-BF4B-00C04F79EFBC}") = "Pragma.Validations", "Pragma.Validations\Pragma.Validations.csproj", "{5EDA394E-0F70-437A-A783-F93B6D8C4838}"
EndProject
Project("{FAE04EC0-301F-11D3-BF4B-00C04F79EFBC}") = "Pragma.Extensions", "Pragma.Extensions\Pragma.Extensions.csproj", "{BAA712F4-1F97-4DE6-97E3-F93A374FD635}"
EndProject
Project("{FAE04EC0-301F-11D3-BF4B-00C04F79EFBC}") = "Pragma.Mapping", "Pragma.Mapper\Pragma.Mapping.csproj", "{BE74F02F-A056-4020-8438-F8D86B838FB6}"
EndProject
Project("{2150E333-8FDC-42A3-9474-1A3956D46DE8}") = "5-Tools", "5-Tools", "{B9CA9BE2-0EA1-455E-849F-860DE219BEF8}"
EndProject
Project("{FAE04EC0-301F-11D3-BF4B-00C04F79EFBC}") = "Pragma.Logging", "Pragma.Logging\Pragma.Logging.csproj", "{16E56BAD-E644-433B-A207-DAA82921153D}"
EndProject
Project("{FAE04EC0-301F-11D3-BF4B-00C04F79EFBC}") = "Pragma.Scheduling", "Pragma.Scheduling\Pragma.Scheduling.csproj", "{8E4EB077-021C-4C8E-BAA5-9E0184176064}"
EndProject
Project("{FAE04EC0-301F-11D3-BF4B-00C04F79EFBC}") = "Pragma.Forms.Controls", "Pragma.Forms.Controls\Pragma.Forms.Controls.csproj", "{DE0AD088-613D-4AC5-AF9D-5AE0FB5BE14B}"
EndProject
Project("{FAE04EC0-301F-11D3-BF4B-00C04F79EFBC}") = "Pragma.Forms.ControlBinding", "Pragma.Forms.ControlBinding\Pragma.Forms.ControlBinding.csproj", "{457EB5C5-144B-43B5-BE00-AB1BE9C3F8B9}"
EndProject
Project("{2150E333-8FDC-42A3-9474-1A3956D46DE8}") = "2-Framework", "2-Framework", "{96D8DE45-5547-440F-9E20-F31ED7464BB8}"
EndProject
Project("{2150E333-8FDC-42A3-9474-1A3956D46DE8}") = "1-System", "1-System", "{444A07AB-75DC-4BB4-94A5-8C3765D7C299}"
EndProject
Project("{2150E333-8FDC-42A3-9474-1A3956D46DE8}") = "2-Domain", "2-Domain", "{6A1D521F-D003-4F82-A0B9-A02C02102D76}"
EndProject
Project("{FAE04EC0-301F-11D3-BF4B-00C04F79EFBC}") = "Pragma.Core", "Pragma.Core\Pragma.Core.csproj", "{379E2087-05CA-42B5-B7CB-C9F3E0D9882D}"
EndProject
Project("{FAE04EC0-301F-11D3-BF4B-00C04F79EFBC}") = "Pragma.App.DAO", "Pragma.System.DAO\Pragma.App.DAO.csproj", "{A307D1C7-3B11-4F36-9FEB-FA9365C4D5E6}"
EndProject
Project("{2150E333-8FDC-42A3-9474-1A3956D46DE8}") = "3-IOC", "3-IOC", "{2C132453-C8E6-4792-9395-26FF6D2C9779}"
EndProject
Project("{2150E333-8FDC-42A3-9474-1A3956D46DE8}") = "4-Business", "4-Business", "{690853B5-3DBA-4E15-B38F-0AE3EFC15910}"
EndProject
Project("{2150E333-8FDC-42A3-9474-1A3956D46DE8}") = "5-DAL", "5-DAL", "{FC01313F-C367-479E-A748-4E3683FF5883}"
EndProject
Project("{FAE04EC0-301F-11D3-BF4B-00C04F79EFBC}") = "Pragma.App.Validations", "Pragma.System.Validations\Pragma.App.Validations.csproj", "{1F4E1465-7429-4220-BB9C-E355A62E4429}"
EndProject
Project("{FAE04EC0-301F-11D3-BF4B-00C04F79EFBC}") = "Pragma.App.Models", "Pragma.System.Models\Pragma.App.Models.csproj", "{7C95EE61-AB2A-4230-8495-8E5547CD65E7}"
EndProject
Project("{FAE04EC0-301F-11D3-BF4B-00C04F79EFBC}") = "Pragma.App.Shared", "Pragma.System.Shared\Pragma.App.Shared.csproj", "{84CC3A5B-5540-4813-9A28-A8A87A4AA8D0}"
EndProject
Project("{FAE04EC0-301F-11D3-BF4B-00C04F79EFBC}") = "Pragma.App.Mapping", "Pragma.System.Mapping\Pragma.App.Mapping.csproj", "{21739FA6-C22E-49DF-8CB2-0282F8433FB8}"
EndProject
Project("{FAE04EC0-301F-11D3-BF4B-00C04F79EFBC}") = "Pragma.App.Business", "Pragma.System.Business\Pragma.App.Business.csproj", "{0F287438-5947-4616-AF3F-17B6C95B457A}"
EndProject
Project("{FAE04EC0-301F-11D3-BF4B-00C04F79EFBC}") = "Pragma.App.Binding", "Pragma.System.Binding\Pragma.App.Binding.csproj", "{98B5C86C-2094-4538-91B5-920C319B9A3F}"
EndProject
Project("{2150E333-8FDC-42A3-9474-1A3956D46DE8}") = "0-Apps", "0-Apps", "{A0BE54BD-4ADB-4D9B-AD1E-764675314D85}"
EndProject
Project("{FAE04EC0-301F-11D3-BF4B-00C04F79EFBC}") = "Pragma.App.Forms", "Pragma.App.Forms\Pragma.App.Forms.csproj", "{3E04F558-BD47-4A92-B192-BBC1F8D6F95D}"
EndProject
Project("{2150E333-8FDC-42A3-9474-1A3956D46DE8}") = "6-Tools", "6-Tools", "{D7E2DFC4-942E-4CC1-B7FE-A9633218CED3}"
EndProject
Project("{FAE04EC0-301F-11D3-BF4B-00C04F79EFBC}") = "Pragma.App.Scheduling", "Pragma.System.Scheduling\Pragma.App.Scheduling.csproj", "{BEF894D5-76D0-47C3-A18C-CE14C7405CCD}"
EndProject
Project("{FAE04EC0-301F-11D3-BF4B-00C04F79EFBC}") = "Pragma.Forms.Controllers", "Pragma.Forms.Controllers\Pragma.Forms.Controllers.csproj", "{A998E7E4-32F4-4D7C-8A1B-ECDC9CAF48DB}"
EndProject
Project("{2150E333-8FDC-42A3-9474-1A3956D46DE8}") = "1-UI", "1-UI", "{A8D1BD2C-9566-42C3-A477-702CDDF7C82A}"
EndProject
Project("{FAE04EC0-301F-11D3-BF4B-00C04F79EFBC}") = "Pragma.App.Forms.Controllers", "Pragma.App.Forms.Controllers\Pragma.App.Forms.Controllers.csproj", "{7F00A261-2C3C-415D-89BE-9BCEDC3591C0}"
EndProject
Global
	GlobalSection(SolutionConfigurationPlatforms) = preSolution
		Debug|Any CPU = Debug|Any CPU
		Release|Any CPU = Release|Any CPU
	EndGlobalSection
	GlobalSection(ProjectConfigurationPlatforms) = postSolution
		{3E5DAE00-770C-4D2A-A1E6-E085FD57BD22}.Debug|Any CPU.ActiveCfg = Debug|Any CPU
		{3E5DAE00-770C-4D2A-A1E6-E085FD57BD22}.Debug|Any CPU.Build.0 = Debug|Any CPU
		{3E5DAE00-770C-4D2A-A1E6-E085FD57BD22}.Release|Any CPU.ActiveCfg = Release|Any CPU
		{3E5DAE00-770C-4D2A-A1E6-E085FD57BD22}.Release|Any CPU.Build.0 = Release|Any CPU
		{6E705C0B-2C70-4ADA-ACE4-44BA7D929440}.Debug|Any CPU.ActiveCfg = Debug|Any CPU
		{6E705C0B-2C70-4ADA-ACE4-44BA7D929440}.Debug|Any CPU.Build.0 = Debug|Any CPU
		{6E705C0B-2C70-4ADA-ACE4-44BA7D929440}.Release|Any CPU.ActiveCfg = Release|Any CPU
		{6E705C0B-2C70-4ADA-ACE4-44BA7D929440}.Release|Any CPU.Build.0 = Release|Any CPU
		{8AFC4C3D-B7B0-44BB-BF42-7918EEAE5D95}.Debug|Any CPU.ActiveCfg = Debug|Any CPU
		{8AFC4C3D-B7B0-44BB-BF42-7918EEAE5D95}.Debug|Any CPU.Build.0 = Debug|Any CPU
		{8AFC4C3D-B7B0-44BB-BF42-7918EEAE5D95}.Release|Any CPU.ActiveCfg = Release|Any CPU
		{8AFC4C3D-B7B0-44BB-BF42-7918EEAE5D95}.Release|Any CPU.Build.0 = Release|Any CPU
		{5EDA394E-0F70-437A-A783-F93B6D8C4838}.Debug|Any CPU.ActiveCfg = Debug|Any CPU
		{5EDA394E-0F70-437A-A783-F93B6D8C4838}.Debug|Any CPU.Build.0 = Debug|Any CPU
		{5EDA394E-0F70-437A-A783-F93B6D8C4838}.Release|Any CPU.ActiveCfg = Release|Any CPU
		{5EDA394E-0F70-437A-A783-F93B6D8C4838}.Release|Any CPU.Build.0 = Release|Any CPU
		{BAA712F4-1F97-4DE6-97E3-F93A374FD635}.Debug|Any CPU.ActiveCfg = Debug|Any CPU
		{BAA712F4-1F97-4DE6-97E3-F93A374FD635}.Debug|Any CPU.Build.0 = Debug|Any CPU
		{BAA712F4-1F97-4DE6-97E3-F93A374FD635}.Release|Any CPU.ActiveCfg = Release|Any CPU
		{BAA712F4-1F97-4DE6-97E3-F93A374FD635}.Release|Any CPU.Build.0 = Release|Any CPU
		{BE74F02F-A056-4020-8438-F8D86B838FB6}.Debug|Any CPU.ActiveCfg = Debug|Any CPU
		{BE74F02F-A056-4020-8438-F8D86B838FB6}.Debug|Any CPU.Build.0 = Debug|Any CPU
		{BE74F02F-A056-4020-8438-F8D86B838FB6}.Release|Any CPU.ActiveCfg = Release|Any CPU
		{BE74F02F-A056-4020-8438-F8D86B838FB6}.Release|Any CPU.Build.0 = Release|Any CPU
		{16E56BAD-E644-433B-A207-DAA82921153D}.Debug|Any CPU.ActiveCfg = Debug|Any CPU
		{16E56BAD-E644-433B-A207-DAA82921153D}.Debug|Any CPU.Build.0 = Debug|Any CPU
		{16E56BAD-E644-433B-A207-DAA82921153D}.Release|Any CPU.ActiveCfg = Release|Any CPU
		{16E56BAD-E644-433B-A207-DAA82921153D}.Release|Any CPU.Build.0 = Release|Any CPU
		{8E4EB077-021C-4C8E-BAA5-9E0184176064}.Debug|Any CPU.ActiveCfg = Debug|Any CPU
		{8E4EB077-021C-4C8E-BAA5-9E0184176064}.Debug|Any CPU.Build.0 = Debug|Any CPU
		{8E4EB077-021C-4C8E-BAA5-9E0184176064}.Release|Any CPU.ActiveCfg = Release|Any CPU
		{8E4EB077-021C-4C8E-BAA5-9E0184176064}.Release|Any CPU.Build.0 = Release|Any CPU
		{DE0AD088-613D-4AC5-AF9D-5AE0FB5BE14B}.Debug|Any CPU.ActiveCfg = Debug|Any CPU
		{DE0AD088-613D-4AC5-AF9D-5AE0FB5BE14B}.Debug|Any CPU.Build.0 = Debug|Any CPU
		{DE0AD088-613D-4AC5-AF9D-5AE0FB5BE14B}.Release|Any CPU.ActiveCfg = Release|Any CPU
		{DE0AD088-613D-4AC5-AF9D-5AE0FB5BE14B}.Release|Any CPU.Build.0 = Release|Any CPU
		{457EB5C5-144B-43B5-BE00-AB1BE9C3F8B9}.Debug|Any CPU.ActiveCfg = Debug|Any CPU
		{457EB5C5-144B-43B5-BE00-AB1BE9C3F8B9}.Debug|Any CPU.Build.0 = Debug|Any CPU
		{457EB5C5-144B-43B5-BE00-AB1BE9C3F8B9}.Release|Any CPU.ActiveCfg = Release|Any CPU
		{457EB5C5-144B-43B5-BE00-AB1BE9C3F8B9}.Release|Any CPU.Build.0 = Release|Any CPU
		{379E2087-05CA-42B5-B7CB-C9F3E0D9882D}.Debug|Any CPU.ActiveCfg = Debug|Any CPU
		{379E2087-05CA-42B5-B7CB-C9F3E0D9882D}.Debug|Any CPU.Build.0 = Debug|Any CPU
		{379E2087-05CA-42B5-B7CB-C9F3E0D9882D}.Release|Any CPU.ActiveCfg = Release|Any CPU
		{379E2087-05CA-42B5-B7CB-C9F3E0D9882D}.Release|Any CPU.Build.0 = Release|Any CPU
		{A307D1C7-3B11-4F36-9FEB-FA9365C4D5E6}.Debug|Any CPU.ActiveCfg = Debug|Any CPU
		{A307D1C7-3B11-4F36-9FEB-FA9365C4D5E6}.Debug|Any CPU.Build.0 = Debug|Any CPU
		{A307D1C7-3B11-4F36-9FEB-FA9365C4D5E6}.Release|Any CPU.ActiveCfg = Release|Any CPU
		{A307D1C7-3B11-4F36-9FEB-FA9365C4D5E6}.Release|Any CPU.Build.0 = Release|Any CPU
		{1F4E1465-7429-4220-BB9C-E355A62E4429}.Debug|Any CPU.ActiveCfg = Debug|Any CPU
		{1F4E1465-7429-4220-BB9C-E355A62E4429}.Debug|Any CPU.Build.0 = Debug|Any CPU
		{1F4E1465-7429-4220-BB9C-E355A62E4429}.Release|Any CPU.ActiveCfg = Release|Any CPU
		{1F4E1465-7429-4220-BB9C-E355A62E4429}.Release|Any CPU.Build.0 = Release|Any CPU
		{7C95EE61-AB2A-4230-8495-8E5547CD65E7}.Debug|Any CPU.ActiveCfg = Debug|Any CPU
		{7C95EE61-AB2A-4230-8495-8E5547CD65E7}.Debug|Any CPU.Build.0 = Debug|Any CPU
		{7C95EE61-AB2A-4230-8495-8E5547CD65E7}.Release|Any CPU.ActiveCfg = Release|Any CPU
		{7C95EE61-AB2A-4230-8495-8E5547CD65E7}.Release|Any CPU.Build.0 = Release|Any CPU
		{84CC3A5B-5540-4813-9A28-A8A87A4AA8D0}.Debug|Any CPU.ActiveCfg = Debug|Any CPU
		{84CC3A5B-5540-4813-9A28-A8A87A4AA8D0}.Debug|Any CPU.Build.0 = Debug|Any CPU
		{84CC3A5B-5540-4813-9A28-A8A87A4AA8D0}.Release|Any CPU.ActiveCfg = Release|Any CPU
		{84CC3A5B-5540-4813-9A28-A8A87A4AA8D0}.Release|Any CPU.Build.0 = Release|Any CPU
		{21739FA6-C22E-49DF-8CB2-0282F8433FB8}.Debug|Any CPU.ActiveCfg = Debug|Any CPU
		{21739FA6-C22E-49DF-8CB2-0282F8433FB8}.Debug|Any CPU.Build.0 = Debug|Any CPU
		{21739FA6-C22E-49DF-8CB2-0282F8433FB8}.Release|Any CPU.ActiveCfg = Release|Any CPU
		{21739FA6-C22E-49DF-8CB2-0282F8433FB8}.Release|Any CPU.Build.0 = Release|Any CPU
		{0F287438-5947-4616-AF3F-17B6C95B457A}.Debug|Any CPU.ActiveCfg = Debug|Any CPU
		{0F287438-5947-4616-AF3F-17B6C95B457A}.Debug|Any CPU.Build.0 = Debug|Any CPU
		{0F287438-5947-4616-AF3F-17B6C95B457A}.Release|Any CPU.ActiveCfg = Release|Any CPU
		{0F287438-5947-4616-AF3F-17B6C95B457A}.Release|Any CPU.Build.0 = Release|Any CPU
		{98B5C86C-2094-4538-91B5-920C319B9A3F}.Debug|Any CPU.ActiveCfg = Debug|Any CPU
		{98B5C86C-2094-4538-91B5-920C319B9A3F}.Debug|Any CPU.Build.0 = Debug|Any CPU
		{98B5C86C-2094-4538-91B5-920C319B9A3F}.Release|Any CPU.ActiveCfg = Release|Any CPU
		{98B5C86C-2094-4538-91B5-920C319B9A3F}.Release|Any CPU.Build.0 = Release|Any CPU
		{3E04F558-BD47-4A92-B192-BBC1F8D6F95D}.Debug|Any CPU.ActiveCfg = Debug|Any CPU
		{3E04F558-BD47-4A92-B192-BBC1F8D6F95D}.Debug|Any CPU.Build.0 = Debug|Any CPU
		{3E04F558-BD47-4A92-B192-BBC1F8D6F95D}.Release|Any CPU.ActiveCfg = Release|Any CPU
		{3E04F558-BD47-4A92-B192-BBC1F8D6F95D}.Release|Any CPU.Build.0 = Release|Any CPU
		{BEF894D5-76D0-47C3-A18C-CE14C7405CCD}.Debug|Any CPU.ActiveCfg = Debug|Any CPU
		{BEF894D5-76D0-47C3-A18C-CE14C7405CCD}.Debug|Any CPU.Build.0 = Debug|Any CPU
		{BEF894D5-76D0-47C3-A18C-CE14C7405CCD}.Release|Any CPU.ActiveCfg = Release|Any CPU
		{BEF894D5-76D0-47C3-A18C-CE14C7405CCD}.Release|Any CPU.Build.0 = Release|Any CPU
		{A998E7E4-32F4-4D7C-8A1B-ECDC9CAF48DB}.Debug|Any CPU.ActiveCfg = Debug|Any CPU
		{A998E7E4-32F4-4D7C-8A1B-ECDC9CAF48DB}.Debug|Any CPU.Build.0 = Debug|Any CPU
		{A998E7E4-32F4-4D7C-8A1B-ECDC9CAF48DB}.Release|Any CPU.ActiveCfg = Release|Any CPU
		{A998E7E4-32F4-4D7C-8A1B-ECDC9CAF48DB}.Release|Any CPU.Build.0 = Release|Any CPU
		{7F00A261-2C3C-415D-89BE-9BCEDC3591C0}.Debug|Any CPU.ActiveCfg = Debug|Any CPU
		{7F00A261-2C3C-415D-89BE-9BCEDC3591C0}.Debug|Any CPU.Build.0 = Debug|Any CPU
		{7F00A261-2C3C-415D-89BE-9BCEDC3591C0}.Release|Any CPU.ActiveCfg = Release|Any CPU
		{7F00A261-2C3C-415D-89BE-9BCEDC3591C0}.Release|Any CPU.Build.0 = Release|Any CPU
	EndGlobalSection
	GlobalSection(SolutionProperties) = preSolution
		HideSolutionNode = FALSE
	EndGlobalSection
	GlobalSection(NestedProjects) = preSolution
		{3B717F45-B6D6-4158-BCFD-59190C505676} = {96D8DE45-5547-440F-9E20-F31ED7464BB8}
		{0C463D85-5A21-4B31-9A7B-CF148D709C59} = {96D8DE45-5547-440F-9E20-F31ED7464BB8}
		{3E5DAE00-770C-4D2A-A1E6-E085FD57BD22} = {0C463D85-5A21-4B31-9A7B-CF148D709C59}
		{B1AAE88C-169A-43BA-B8A1-8136C2237B7C} = {96D8DE45-5547-440F-9E20-F31ED7464BB8}
		{83289E7A-186D-4C0C-927B-B751ABA36A90} = {96D8DE45-5547-440F-9E20-F31ED7464BB8}
		{ACA70C1A-7039-4B37-B1AC-06FFA9B7386B} = {96D8DE45-5547-440F-9E20-F31ED7464BB8}
		{6E705C0B-2C70-4ADA-ACE4-44BA7D929440} = {ACA70C1A-7039-4B37-B1AC-06FFA9B7386B}
		{8AFC4C3D-B7B0-44BB-BF42-7918EEAE5D95} = {83289E7A-186D-4C0C-927B-B751ABA36A90}
		{5EDA394E-0F70-437A-A783-F93B6D8C4838} = {ACA70C1A-7039-4B37-B1AC-06FFA9B7386B}
		{BAA712F4-1F97-4DE6-97E3-F93A374FD635} = {B1AAE88C-169A-43BA-B8A1-8136C2237B7C}
		{BE74F02F-A056-4020-8438-F8D86B838FB6} = {B9CA9BE2-0EA1-455E-849F-860DE219BEF8}
		{B9CA9BE2-0EA1-455E-849F-860DE219BEF8} = {96D8DE45-5547-440F-9E20-F31ED7464BB8}
		{16E56BAD-E644-433B-A207-DAA82921153D} = {B9CA9BE2-0EA1-455E-849F-860DE219BEF8}
		{8E4EB077-021C-4C8E-BAA5-9E0184176064} = {B9CA9BE2-0EA1-455E-849F-860DE219BEF8}
		{DE0AD088-613D-4AC5-AF9D-5AE0FB5BE14B} = {3B717F45-B6D6-4158-BCFD-59190C505676}
		{457EB5C5-144B-43B5-BE00-AB1BE9C3F8B9} = {3B717F45-B6D6-4158-BCFD-59190C505676}
		{6A1D521F-D003-4F82-A0B9-A02C02102D76} = {444A07AB-75DC-4BB4-94A5-8C3765D7C299}
		{379E2087-05CA-42B5-B7CB-C9F3E0D9882D} = {B1AAE88C-169A-43BA-B8A1-8136C2237B7C}
		{A307D1C7-3B11-4F36-9FEB-FA9365C4D5E6} = {FC01313F-C367-479E-A748-4E3683FF5883}
		{2C132453-C8E6-4792-9395-26FF6D2C9779} = {444A07AB-75DC-4BB4-94A5-8C3765D7C299}
		{690853B5-3DBA-4E15-B38F-0AE3EFC15910} = {444A07AB-75DC-4BB4-94A5-8C3765D7C299}
		{FC01313F-C367-479E-A748-4E3683FF5883} = {444A07AB-75DC-4BB4-94A5-8C3765D7C299}
		{1F4E1465-7429-4220-BB9C-E355A62E4429} = {690853B5-3DBA-4E15-B38F-0AE3EFC15910}
		{7C95EE61-AB2A-4230-8495-8E5547CD65E7} = {6A1D521F-D003-4F82-A0B9-A02C02102D76}
		{84CC3A5B-5540-4813-9A28-A8A87A4AA8D0} = {6A1D521F-D003-4F82-A0B9-A02C02102D76}
		{21739FA6-C22E-49DF-8CB2-0282F8433FB8} = {6A1D521F-D003-4F82-A0B9-A02C02102D76}
		{0F287438-5947-4616-AF3F-17B6C95B457A} = {690853B5-3DBA-4E15-B38F-0AE3EFC15910}
		{98B5C86C-2094-4538-91B5-920C319B9A3F} = {2C132453-C8E6-4792-9395-26FF6D2C9779}
		{3E04F558-BD47-4A92-B192-BBC1F8D6F95D} = {A0BE54BD-4ADB-4D9B-AD1E-764675314D85}
		{D7E2DFC4-942E-4CC1-B7FE-A9633218CED3} = {444A07AB-75DC-4BB4-94A5-8C3765D7C299}
		{BEF894D5-76D0-47C3-A18C-CE14C7405CCD} = {D7E2DFC4-942E-4CC1-B7FE-A9633218CED3}
		{A998E7E4-32F4-4D7C-8A1B-ECDC9CAF48DB} = {3B717F45-B6D6-4158-BCFD-59190C505676}
		{A8D1BD2C-9566-42C3-A477-702CDDF7C82A} = {444A07AB-75DC-4BB4-94A5-8C3765D7C299}
		{7F00A261-2C3C-415D-89BE-9BCEDC3591C0} = {A8D1BD2C-9566-42C3-A477-702CDDF7C82A}
	EndGlobalSection
EndGlobal
