
Microsoft Visual Studio Solution File, Format Version 12.00
# Visual Studio 14
VisualStudioVersion = 14.0.25420.1
MinimumVisualStudioVersion = 10.0.40219.1
Project("{2150E333-8FDC-42A3-9474-1A3956D46DE8}") = "0-UI", "0-UI", "{3B717F45-B6D6-4158-BCFD-59190C505676}"
EndProject
Project("{2150E333-8FDC-42A3-9474-1A3956D46DE8}") = "2-IOC", "2-IOC", "{0C463D85-5A21-4B31-9A7B-CF148D709C59}"
EndProject
Project("{2150E333-8FDC-42A3-9474-1A3956D46DE8}") = "1-Core", "1-Core", "{B1AAE88C-169A-43BA-B8A1-8136C2237B7C}"
EndProject
Project("{2150E333-8FDC-42A3-9474-1A3956D46DE8}") = "4-DAL", "4-DAL", "{83289E7A-186D-4C0C-927B-B751ABA36A90}"
EndProject
Project("{2150E333-8FDC-42A3-9474-1A3956D46DE8}") = "3-Business", "3-Business", "{ACA70C1A-7039-4B37-B1AC-06FFA9B7386B}"
EndProject
Project("{2150E333-8FDC-42A3-9474-1A3956D46DE8}") = "5-Tools", "5-Tools", "{B9CA9BE2-0EA1-455E-849F-860DE219BEF8}"
EndProject
Project("{2150E333-8FDC-42A3-9474-1A3956D46DE8}") = "2-Framework", "2-Framework", "{96D8DE45-5547-440F-9E20-F31ED7464BB8}"
EndProject
Project("{2150E333-8FDC-42A3-9474-1A3956D46DE8}") = "1-App", "1-App", "{444A07AB-75DC-4BB4-94A5-8C3765D7C299}"
EndProject
Project("{2150E333-8FDC-42A3-9474-1A3956D46DE8}") = "2-Domain", "2-Domain", "{6A1D521F-D003-4F82-A0B9-A02C02102D76}"
EndProject
Project("{2150E333-8FDC-42A3-9474-1A3956D46DE8}") = "3-IOC", "3-IOC", "{2C132453-C8E6-4792-9395-26FF6D2C9779}"
EndProject
Project("{2150E333-8FDC-42A3-9474-1A3956D46DE8}") = "4-Business", "4-Business", "{690853B5-3DBA-4E15-B38F-0AE3EFC15910}"
EndProject
Project("{2150E333-8FDC-42A3-9474-1A3956D46DE8}") = "5-DAL", "5-DAL", "{FC01313F-C367-479E-A748-4E3683FF5883}"
EndProject
Project("{2150E333-8FDC-42A3-9474-1A3956D46DE8}") = "0-EntryPoints", "0-EntryPoints", "{A0BE54BD-4ADB-4D9B-AD1E-764675314D85}"
EndProject
Project("{2150E333-8FDC-42A3-9474-1A3956D46DE8}") = "6-Tools", "6-Tools", "{D7E2DFC4-942E-4CC1-B7FE-A9633218CED3}"
EndProject
Project("{2150E333-8FDC-42A3-9474-1A3956D46DE8}") = "1-UI", "1-UI", "{A8D1BD2C-9566-42C3-A477-702CDDF7C82A}"
EndProject
Project("{2150E333-8FDC-42A3-9474-1A3956D46DE8}") = "7-Tests", "7-Tests", "{31316E52-BF6D-403E-BA0F-D0DEADD63916}"
EndProject
Project("{2150E333-8FDC-42A3-9474-1A3956D46DE8}") = "6-Tests", "6-Tests", "{7D75C790-B4A4-4349-ACAD-DA723D4C1365}"
EndProject
Project("{FAE04EC0-301F-11D3-BF4B-00C04F79EFBC}") = "Pragma.Scheduling", "Pragma.Framework\Pragma.Scheduling\Pragma.Scheduling.csproj", "{8E4EB077-021C-4C8E-BAA5-9E0184176064}"
EndProject
Project("{FAE04EC0-301F-11D3-BF4B-00C04F79EFBC}") = "Pragma.Excel", "Pragma.Framework\Pragma.Excel\Pragma.Excel.csproj", "{CAA6579A-800E-4B62-8065-2F71EFACA93E}"
EndProject
Project("{FAE04EC0-301F-11D3-BF4B-00C04F79EFBC}") = "Pragma.Files", "Pragma.Framework\Pragma.Files\Pragma.Files.csproj", "{0BAE336E-CBE1-44E7-8A0E-D621AB974A12}"
EndProject
Project("{FAE04EC0-301F-11D3-BF4B-00C04F79EFBC}") = "Pragma.Logging", "Pragma.Framework\Pragma.Logging\Pragma.Logging.csproj", "{16E56BAD-E644-433B-A207-DAA82921153D}"
EndProject
Project("{FAE04EC0-301F-11D3-BF4B-00C04F79EFBC}") = "Pragma.Mapping", "Pragma.Framework\Pragma.Mapping\Pragma.Mapping.csproj", "{BE74F02F-A056-4020-8438-F8D86B838FB6}"
EndProject
Project("{FAE04EC0-301F-11D3-BF4B-00C04F79EFBC}") = "Pragma.DAO", "Pragma.Framework\Pragma.DAO\Pragma.DAO.csproj", "{8AFC4C3D-B7B0-44BB-BF42-7918EEAE5D95}"
EndProject
Project("{FAE04EC0-301F-11D3-BF4B-00C04F79EFBC}") = "Pragma.IOC", "Pragma.Framework\Pragma.IOC\Pragma.IOC.csproj", "{3E5DAE00-770C-4D2A-A1E6-E085FD57BD22}"
EndProject
Project("{FAE04EC0-301F-11D3-BF4B-00C04F79EFBC}") = "Pragma.Core", "Pragma.Framework\Pragma.Core\Pragma.Core.csproj", "{379E2087-05CA-42B5-B7CB-C9F3E0D9882D}"
EndProject
Project("{FAE04EC0-301F-11D3-BF4B-00C04F79EFBC}") = "Pragma.Extensions", "Pragma.Framework\Pragma.Extensions\Pragma.Extensions.csproj", "{BAA712F4-1F97-4DE6-97E3-F93A374FD635}"
EndProject
Project("{FAE04EC0-301F-11D3-BF4B-00C04F79EFBC}") = "Pragma.Forms.Controllers", "Pragma.Framework\Pragma.Forms.Controllers\Pragma.Forms.Controllers.csproj", "{A998E7E4-32F4-4D7C-8A1B-ECDC9CAF48DB}"
EndProject
Project("{FAE04EC0-301F-11D3-BF4B-00C04F79EFBC}") = "Pragma.Forms.Controls", "Pragma.Framework\Pragma.Forms.Controls\Pragma.Forms.Controls.csproj", "{DE0AD088-613D-4AC5-AF9D-5AE0FB5BE14B}"
EndProject
Project("{FAE04EC0-301F-11D3-BF4B-00C04F79EFBC}") = "Pragma.App.Scheduling", "Pragma.Apps\Pragma.App.Scheduling\Pragma.App.Scheduling.csproj", "{BEF894D5-76D0-47C3-A18C-CE14C7405CCD}"
EndProject
Project("{FAE04EC0-301F-11D3-BF4B-00C04F79EFBC}") = "Pragma.App.DAO", "Pragma.Apps\Pragma.App.DAO\Pragma.App.DAO.csproj", "{A307D1C7-3B11-4F36-9FEB-FA9365C4D5E6}"
EndProject
Project("{FAE04EC0-301F-11D3-BF4B-00C04F79EFBC}") = "Pragma.App.Business", "Pragma.Apps\Pragma.App.Business\Pragma.App.Business.csproj", "{0F287438-5947-4616-AF3F-17B6C95B457A}"
EndProject
Project("{FAE04EC0-301F-11D3-BF4B-00C04F79EFBC}") = "Pragma.App.Validations", "Pragma.Apps\Pragma.App.Validations\Pragma.App.Validations.csproj", "{1F4E1465-7429-4220-BB9C-E355A62E4429}"
EndProject
Project("{FAE04EC0-301F-11D3-BF4B-00C04F79EFBC}") = "Pragma.App.Binding", "Pragma.Apps\Pragma.App.Binding\Pragma.App.Binding.csproj", "{98B5C86C-2094-4538-91B5-920C319B9A3F}"
EndProject
Project("{FAE04EC0-301F-11D3-BF4B-00C04F79EFBC}") = "Pragma.App.Models", "Pragma.Apps\Pragma.App.Models\Pragma.App.Models.csproj", "{7C95EE61-AB2A-4230-8495-8E5547CD65E7}"
EndProject
Project("{FAE04EC0-301F-11D3-BF4B-00C04F79EFBC}") = "Pragma.App.Mapping", "Pragma.Apps\Pragma.App.Mapping\Pragma.App.Mapping.csproj", "{21739FA6-C22E-49DF-8CB2-0282F8433FB8}"
EndProject
Project("{FAE04EC0-301F-11D3-BF4B-00C04F79EFBC}") = "Pragma.App.Forms.Controllers", "Pragma.Apps\Pragma.App.Forms.Controllers\Pragma.App.Forms.Controllers.csproj", "{7F00A261-2C3C-415D-89BE-9BCEDC3591C0}"
EndProject
Project("{FAE04EC0-301F-11D3-BF4B-00C04F79EFBC}") = "Pragma.App.Forms", "Pragma.Apps\Pragma.App.Forms\Pragma.App.Forms.csproj", "{3E04F558-BD47-4A92-B192-BBC1F8D6F95D}"
EndProject
Project("{FAE04EC0-301F-11D3-BF4B-00C04F79EFBC}") = "Pragma.Business", "Pragma.Framework\Pragma.Business\Pragma.Business.csproj", "{6E705C0B-2C70-4ADA-ACE4-44BA7D929440}"
EndProject
Project("{FAE04EC0-301F-11D3-BF4B-00C04F79EFBC}") = "Pragma.Validations", "Pragma.Framework\Pragma.Validations\Pragma.Validations.csproj", "{5EDA394E-0F70-437A-A783-F93B6D8C4838}"
EndProject
Project("{FAE04EC0-301F-11D3-BF4B-00C04F79EFBC}") = "Pragma.Tests", "Pragma.Framework\Pragma.Tests\Pragma.Tests.csproj", "{7E8226F0-BD6A-4344-9533-47A017419C00}"
EndProject
Project("{FAE04EC0-301F-11D3-BF4B-00C04F79EFBC}") = "Pragma.Mail", "Pragma.Framework\Pragma.Mail\Pragma.Mail.csproj", "{99465696-0D53-4D73-A020-FF5FC93D27B6}"
EndProject
Project("{FAE04EC0-301F-11D3-BF4B-00C04F79EFBC}") = "Pragma.Forms.Models", "Pragma.Framework\Pragma.Forms.Models\Pragma.Forms.Models.csproj", "{FAB3CC55-1B71-4841-B471-3DA7F1E33FE1}"
EndProject
Project("{FAE04EC0-301F-11D3-BF4B-00C04F79EFBC}") = "ModelViewBinder", "Pragma.Framework\ModelViewBinder\ModelViewBinder.csproj", "{A2B77554-A658-48B4-8B03-6AB7D52C79B5}"
EndProject
Project("{FAE04EC0-301F-11D3-BF4B-00C04F79EFBC}") = "Pragma.Abstraction", "Pragma.Framework\Pragma.Abstractions\Pragma.Abstraction.csproj", "{D9254CC8-A1EB-4A8D-93FB-C79478AFE1B4}"
EndProject
Global
	GlobalSection(SolutionConfigurationPlatforms) = preSolution
		Debug|Any CPU = Debug|Any CPU
		Debug|ARM = Debug|ARM
		Debug|x64 = Debug|x64
		Debug|x86 = Debug|x86
		Release|Any CPU = Release|Any CPU
		Release|ARM = Release|ARM
		Release|x64 = Release|x64
		Release|x86 = Release|x86
	EndGlobalSection
	GlobalSection(ProjectConfigurationPlatforms) = postSolution
		{8E4EB077-021C-4C8E-BAA5-9E0184176064}.Debug|Any CPU.ActiveCfg = Debug|Any CPU
		{8E4EB077-021C-4C8E-BAA5-9E0184176064}.Debug|Any CPU.Build.0 = Debug|Any CPU
		{8E4EB077-021C-4C8E-BAA5-9E0184176064}.Debug|ARM.ActiveCfg = Debug|Any CPU
		{8E4EB077-021C-4C8E-BAA5-9E0184176064}.Debug|ARM.Build.0 = Debug|Any CPU
		{8E4EB077-021C-4C8E-BAA5-9E0184176064}.Debug|x64.ActiveCfg = Debug|Any CPU
		{8E4EB077-021C-4C8E-BAA5-9E0184176064}.Debug|x64.Build.0 = Debug|Any CPU
		{8E4EB077-021C-4C8E-BAA5-9E0184176064}.Debug|x86.ActiveCfg = Debug|Any CPU
		{8E4EB077-021C-4C8E-BAA5-9E0184176064}.Debug|x86.Build.0 = Debug|Any CPU
		{8E4EB077-021C-4C8E-BAA5-9E0184176064}.Release|Any CPU.ActiveCfg = Release|Any CPU
		{8E4EB077-021C-4C8E-BAA5-9E0184176064}.Release|Any CPU.Build.0 = Release|Any CPU
		{8E4EB077-021C-4C8E-BAA5-9E0184176064}.Release|ARM.ActiveCfg = Release|Any CPU
		{8E4EB077-021C-4C8E-BAA5-9E0184176064}.Release|ARM.Build.0 = Release|Any CPU
		{8E4EB077-021C-4C8E-BAA5-9E0184176064}.Release|x64.ActiveCfg = Release|Any CPU
		{8E4EB077-021C-4C8E-BAA5-9E0184176064}.Release|x64.Build.0 = Release|Any CPU
		{8E4EB077-021C-4C8E-BAA5-9E0184176064}.Release|x86.ActiveCfg = Release|Any CPU
		{8E4EB077-021C-4C8E-BAA5-9E0184176064}.Release|x86.Build.0 = Release|Any CPU
		{CAA6579A-800E-4B62-8065-2F71EFACA93E}.Debug|Any CPU.ActiveCfg = Debug|Any CPU
		{CAA6579A-800E-4B62-8065-2F71EFACA93E}.Debug|Any CPU.Build.0 = Debug|Any CPU
		{CAA6579A-800E-4B62-8065-2F71EFACA93E}.Debug|ARM.ActiveCfg = Debug|Any CPU
		{CAA6579A-800E-4B62-8065-2F71EFACA93E}.Debug|ARM.Build.0 = Debug|Any CPU
		{CAA6579A-800E-4B62-8065-2F71EFACA93E}.Debug|x64.ActiveCfg = Debug|Any CPU
		{CAA6579A-800E-4B62-8065-2F71EFACA93E}.Debug|x64.Build.0 = Debug|Any CPU
		{CAA6579A-800E-4B62-8065-2F71EFACA93E}.Debug|x86.ActiveCfg = Debug|Any CPU
		{CAA6579A-800E-4B62-8065-2F71EFACA93E}.Debug|x86.Build.0 = Debug|Any CPU
		{CAA6579A-800E-4B62-8065-2F71EFACA93E}.Release|Any CPU.ActiveCfg = Release|Any CPU
		{CAA6579A-800E-4B62-8065-2F71EFACA93E}.Release|Any CPU.Build.0 = Release|Any CPU
		{CAA6579A-800E-4B62-8065-2F71EFACA93E}.Release|ARM.ActiveCfg = Release|Any CPU
		{CAA6579A-800E-4B62-8065-2F71EFACA93E}.Release|ARM.Build.0 = Release|Any CPU
		{CAA6579A-800E-4B62-8065-2F71EFACA93E}.Release|x64.ActiveCfg = Release|Any CPU
		{CAA6579A-800E-4B62-8065-2F71EFACA93E}.Release|x64.Build.0 = Release|Any CPU
		{CAA6579A-800E-4B62-8065-2F71EFACA93E}.Release|x86.ActiveCfg = Release|Any CPU
		{CAA6579A-800E-4B62-8065-2F71EFACA93E}.Release|x86.Build.0 = Release|Any CPU
		{0BAE336E-CBE1-44E7-8A0E-D621AB974A12}.Debug|Any CPU.ActiveCfg = Debug|Any CPU
		{0BAE336E-CBE1-44E7-8A0E-D621AB974A12}.Debug|Any CPU.Build.0 = Debug|Any CPU
		{0BAE336E-CBE1-44E7-8A0E-D621AB974A12}.Debug|ARM.ActiveCfg = Debug|Any CPU
		{0BAE336E-CBE1-44E7-8A0E-D621AB974A12}.Debug|ARM.Build.0 = Debug|Any CPU
		{0BAE336E-CBE1-44E7-8A0E-D621AB974A12}.Debug|x64.ActiveCfg = Debug|Any CPU
		{0BAE336E-CBE1-44E7-8A0E-D621AB974A12}.Debug|x64.Build.0 = Debug|Any CPU
		{0BAE336E-CBE1-44E7-8A0E-D621AB974A12}.Debug|x86.ActiveCfg = Debug|Any CPU
		{0BAE336E-CBE1-44E7-8A0E-D621AB974A12}.Debug|x86.Build.0 = Debug|Any CPU
		{0BAE336E-CBE1-44E7-8A0E-D621AB974A12}.Release|Any CPU.ActiveCfg = Release|Any CPU
		{0BAE336E-CBE1-44E7-8A0E-D621AB974A12}.Release|Any CPU.Build.0 = Release|Any CPU
		{0BAE336E-CBE1-44E7-8A0E-D621AB974A12}.Release|ARM.ActiveCfg = Release|Any CPU
		{0BAE336E-CBE1-44E7-8A0E-D621AB974A12}.Release|ARM.Build.0 = Release|Any CPU
		{0BAE336E-CBE1-44E7-8A0E-D621AB974A12}.Release|x64.ActiveCfg = Release|Any CPU
		{0BAE336E-CBE1-44E7-8A0E-D621AB974A12}.Release|x64.Build.0 = Release|Any CPU
		{0BAE336E-CBE1-44E7-8A0E-D621AB974A12}.Release|x86.ActiveCfg = Release|Any CPU
		{0BAE336E-CBE1-44E7-8A0E-D621AB974A12}.Release|x86.Build.0 = Release|Any CPU
		{16E56BAD-E644-433B-A207-DAA82921153D}.Debug|Any CPU.ActiveCfg = Debug|Any CPU
		{16E56BAD-E644-433B-A207-DAA82921153D}.Debug|Any CPU.Build.0 = Debug|Any CPU
		{16E56BAD-E644-433B-A207-DAA82921153D}.Debug|ARM.ActiveCfg = Debug|Any CPU
		{16E56BAD-E644-433B-A207-DAA82921153D}.Debug|ARM.Build.0 = Debug|Any CPU
		{16E56BAD-E644-433B-A207-DAA82921153D}.Debug|x64.ActiveCfg = Debug|Any CPU
		{16E56BAD-E644-433B-A207-DAA82921153D}.Debug|x64.Build.0 = Debug|Any CPU
		{16E56BAD-E644-433B-A207-DAA82921153D}.Debug|x86.ActiveCfg = Debug|Any CPU
		{16E56BAD-E644-433B-A207-DAA82921153D}.Debug|x86.Build.0 = Debug|Any CPU
		{16E56BAD-E644-433B-A207-DAA82921153D}.Release|Any CPU.ActiveCfg = Release|Any CPU
		{16E56BAD-E644-433B-A207-DAA82921153D}.Release|Any CPU.Build.0 = Release|Any CPU
		{16E56BAD-E644-433B-A207-DAA82921153D}.Release|ARM.ActiveCfg = Release|Any CPU
		{16E56BAD-E644-433B-A207-DAA82921153D}.Release|ARM.Build.0 = Release|Any CPU
		{16E56BAD-E644-433B-A207-DAA82921153D}.Release|x64.ActiveCfg = Release|Any CPU
		{16E56BAD-E644-433B-A207-DAA82921153D}.Release|x64.Build.0 = Release|Any CPU
		{16E56BAD-E644-433B-A207-DAA82921153D}.Release|x86.ActiveCfg = Release|Any CPU
		{16E56BAD-E644-433B-A207-DAA82921153D}.Release|x86.Build.0 = Release|Any CPU
		{BE74F02F-A056-4020-8438-F8D86B838FB6}.Debug|Any CPU.ActiveCfg = Debug|Any CPU
		{BE74F02F-A056-4020-8438-F8D86B838FB6}.Debug|Any CPU.Build.0 = Debug|Any CPU
		{BE74F02F-A056-4020-8438-F8D86B838FB6}.Debug|ARM.ActiveCfg = Debug|Any CPU
		{BE74F02F-A056-4020-8438-F8D86B838FB6}.Debug|ARM.Build.0 = Debug|Any CPU
		{BE74F02F-A056-4020-8438-F8D86B838FB6}.Debug|x64.ActiveCfg = Debug|Any CPU
		{BE74F02F-A056-4020-8438-F8D86B838FB6}.Debug|x64.Build.0 = Debug|Any CPU
		{BE74F02F-A056-4020-8438-F8D86B838FB6}.Debug|x86.ActiveCfg = Debug|Any CPU
		{BE74F02F-A056-4020-8438-F8D86B838FB6}.Debug|x86.Build.0 = Debug|Any CPU
		{BE74F02F-A056-4020-8438-F8D86B838FB6}.Release|Any CPU.ActiveCfg = Release|Any CPU
		{BE74F02F-A056-4020-8438-F8D86B838FB6}.Release|Any CPU.Build.0 = Release|Any CPU
		{BE74F02F-A056-4020-8438-F8D86B838FB6}.Release|ARM.ActiveCfg = Release|Any CPU
		{BE74F02F-A056-4020-8438-F8D86B838FB6}.Release|ARM.Build.0 = Release|Any CPU
		{BE74F02F-A056-4020-8438-F8D86B838FB6}.Release|x64.ActiveCfg = Release|Any CPU
		{BE74F02F-A056-4020-8438-F8D86B838FB6}.Release|x64.Build.0 = Release|Any CPU
		{BE74F02F-A056-4020-8438-F8D86B838FB6}.Release|x86.ActiveCfg = Release|Any CPU
		{BE74F02F-A056-4020-8438-F8D86B838FB6}.Release|x86.Build.0 = Release|Any CPU
		{8AFC4C3D-B7B0-44BB-BF42-7918EEAE5D95}.Debug|Any CPU.ActiveCfg = Debug|Any CPU
		{8AFC4C3D-B7B0-44BB-BF42-7918EEAE5D95}.Debug|Any CPU.Build.0 = Debug|Any CPU
		{8AFC4C3D-B7B0-44BB-BF42-7918EEAE5D95}.Debug|ARM.ActiveCfg = Debug|Any CPU
		{8AFC4C3D-B7B0-44BB-BF42-7918EEAE5D95}.Debug|ARM.Build.0 = Debug|Any CPU
		{8AFC4C3D-B7B0-44BB-BF42-7918EEAE5D95}.Debug|x64.ActiveCfg = Debug|Any CPU
		{8AFC4C3D-B7B0-44BB-BF42-7918EEAE5D95}.Debug|x64.Build.0 = Debug|Any CPU
		{8AFC4C3D-B7B0-44BB-BF42-7918EEAE5D95}.Debug|x86.ActiveCfg = Debug|Any CPU
		{8AFC4C3D-B7B0-44BB-BF42-7918EEAE5D95}.Debug|x86.Build.0 = Debug|Any CPU
		{8AFC4C3D-B7B0-44BB-BF42-7918EEAE5D95}.Release|Any CPU.ActiveCfg = Release|Any CPU
		{8AFC4C3D-B7B0-44BB-BF42-7918EEAE5D95}.Release|Any CPU.Build.0 = Release|Any CPU
		{8AFC4C3D-B7B0-44BB-BF42-7918EEAE5D95}.Release|ARM.ActiveCfg = Release|Any CPU
		{8AFC4C3D-B7B0-44BB-BF42-7918EEAE5D95}.Release|ARM.Build.0 = Release|Any CPU
		{8AFC4C3D-B7B0-44BB-BF42-7918EEAE5D95}.Release|x64.ActiveCfg = Release|Any CPU
		{8AFC4C3D-B7B0-44BB-BF42-7918EEAE5D95}.Release|x64.Build.0 = Release|Any CPU
		{8AFC4C3D-B7B0-44BB-BF42-7918EEAE5D95}.Release|x86.ActiveCfg = Release|Any CPU
		{8AFC4C3D-B7B0-44BB-BF42-7918EEAE5D95}.Release|x86.Build.0 = Release|Any CPU
		{3E5DAE00-770C-4D2A-A1E6-E085FD57BD22}.Debug|Any CPU.ActiveCfg = Debug|Any CPU
		{3E5DAE00-770C-4D2A-A1E6-E085FD57BD22}.Debug|Any CPU.Build.0 = Debug|Any CPU
		{3E5DAE00-770C-4D2A-A1E6-E085FD57BD22}.Debug|ARM.ActiveCfg = Debug|Any CPU
		{3E5DAE00-770C-4D2A-A1E6-E085FD57BD22}.Debug|ARM.Build.0 = Debug|Any CPU
		{3E5DAE00-770C-4D2A-A1E6-E085FD57BD22}.Debug|x64.ActiveCfg = Debug|Any CPU
		{3E5DAE00-770C-4D2A-A1E6-E085FD57BD22}.Debug|x64.Build.0 = Debug|Any CPU
		{3E5DAE00-770C-4D2A-A1E6-E085FD57BD22}.Debug|x86.ActiveCfg = Debug|Any CPU
		{3E5DAE00-770C-4D2A-A1E6-E085FD57BD22}.Debug|x86.Build.0 = Debug|Any CPU
		{3E5DAE00-770C-4D2A-A1E6-E085FD57BD22}.Release|Any CPU.ActiveCfg = Release|Any CPU
		{3E5DAE00-770C-4D2A-A1E6-E085FD57BD22}.Release|Any CPU.Build.0 = Release|Any CPU
		{3E5DAE00-770C-4D2A-A1E6-E085FD57BD22}.Release|ARM.ActiveCfg = Release|Any CPU
		{3E5DAE00-770C-4D2A-A1E6-E085FD57BD22}.Release|ARM.Build.0 = Release|Any CPU
		{3E5DAE00-770C-4D2A-A1E6-E085FD57BD22}.Release|x64.ActiveCfg = Release|Any CPU
		{3E5DAE00-770C-4D2A-A1E6-E085FD57BD22}.Release|x64.Build.0 = Release|Any CPU
		{3E5DAE00-770C-4D2A-A1E6-E085FD57BD22}.Release|x86.ActiveCfg = Release|Any CPU
		{3E5DAE00-770C-4D2A-A1E6-E085FD57BD22}.Release|x86.Build.0 = Release|Any CPU
		{379E2087-05CA-42B5-B7CB-C9F3E0D9882D}.Debug|Any CPU.ActiveCfg = Debug|Any CPU
		{379E2087-05CA-42B5-B7CB-C9F3E0D9882D}.Debug|Any CPU.Build.0 = Debug|Any CPU
		{379E2087-05CA-42B5-B7CB-C9F3E0D9882D}.Debug|ARM.ActiveCfg = Debug|Any CPU
		{379E2087-05CA-42B5-B7CB-C9F3E0D9882D}.Debug|ARM.Build.0 = Debug|Any CPU
		{379E2087-05CA-42B5-B7CB-C9F3E0D9882D}.Debug|x64.ActiveCfg = Debug|Any CPU
		{379E2087-05CA-42B5-B7CB-C9F3E0D9882D}.Debug|x64.Build.0 = Debug|Any CPU
		{379E2087-05CA-42B5-B7CB-C9F3E0D9882D}.Debug|x86.ActiveCfg = Debug|Any CPU
		{379E2087-05CA-42B5-B7CB-C9F3E0D9882D}.Debug|x86.Build.0 = Debug|Any CPU
		{379E2087-05CA-42B5-B7CB-C9F3E0D9882D}.Release|Any CPU.ActiveCfg = Release|Any CPU
		{379E2087-05CA-42B5-B7CB-C9F3E0D9882D}.Release|Any CPU.Build.0 = Release|Any CPU
		{379E2087-05CA-42B5-B7CB-C9F3E0D9882D}.Release|ARM.ActiveCfg = Release|Any CPU
		{379E2087-05CA-42B5-B7CB-C9F3E0D9882D}.Release|ARM.Build.0 = Release|Any CPU
		{379E2087-05CA-42B5-B7CB-C9F3E0D9882D}.Release|x64.ActiveCfg = Release|Any CPU
		{379E2087-05CA-42B5-B7CB-C9F3E0D9882D}.Release|x64.Build.0 = Release|Any CPU
		{379E2087-05CA-42B5-B7CB-C9F3E0D9882D}.Release|x86.ActiveCfg = Release|Any CPU
		{379E2087-05CA-42B5-B7CB-C9F3E0D9882D}.Release|x86.Build.0 = Release|Any CPU
		{BAA712F4-1F97-4DE6-97E3-F93A374FD635}.Debug|Any CPU.ActiveCfg = Debug|Any CPU
		{BAA712F4-1F97-4DE6-97E3-F93A374FD635}.Debug|Any CPU.Build.0 = Debug|Any CPU
		{BAA712F4-1F97-4DE6-97E3-F93A374FD635}.Debug|ARM.ActiveCfg = Debug|Any CPU
		{BAA712F4-1F97-4DE6-97E3-F93A374FD635}.Debug|ARM.Build.0 = Debug|Any CPU
		{BAA712F4-1F97-4DE6-97E3-F93A374FD635}.Debug|x64.ActiveCfg = Debug|Any CPU
		{BAA712F4-1F97-4DE6-97E3-F93A374FD635}.Debug|x64.Build.0 = Debug|Any CPU
		{BAA712F4-1F97-4DE6-97E3-F93A374FD635}.Debug|x86.ActiveCfg = Debug|Any CPU
		{BAA712F4-1F97-4DE6-97E3-F93A374FD635}.Debug|x86.Build.0 = Debug|Any CPU
		{BAA712F4-1F97-4DE6-97E3-F93A374FD635}.Release|Any CPU.ActiveCfg = Release|Any CPU
		{BAA712F4-1F97-4DE6-97E3-F93A374FD635}.Release|Any CPU.Build.0 = Release|Any CPU
		{BAA712F4-1F97-4DE6-97E3-F93A374FD635}.Release|ARM.ActiveCfg = Release|Any CPU
		{BAA712F4-1F97-4DE6-97E3-F93A374FD635}.Release|ARM.Build.0 = Release|Any CPU
		{BAA712F4-1F97-4DE6-97E3-F93A374FD635}.Release|x64.ActiveCfg = Release|Any CPU
		{BAA712F4-1F97-4DE6-97E3-F93A374FD635}.Release|x64.Build.0 = Release|Any CPU
		{BAA712F4-1F97-4DE6-97E3-F93A374FD635}.Release|x86.ActiveCfg = Release|Any CPU
		{BAA712F4-1F97-4DE6-97E3-F93A374FD635}.Release|x86.Build.0 = Release|Any CPU
		{A998E7E4-32F4-4D7C-8A1B-ECDC9CAF48DB}.Debug|Any CPU.ActiveCfg = Debug|Any CPU
		{A998E7E4-32F4-4D7C-8A1B-ECDC9CAF48DB}.Debug|Any CPU.Build.0 = Debug|Any CPU
		{A998E7E4-32F4-4D7C-8A1B-ECDC9CAF48DB}.Debug|ARM.ActiveCfg = Debug|Any CPU
		{A998E7E4-32F4-4D7C-8A1B-ECDC9CAF48DB}.Debug|ARM.Build.0 = Debug|Any CPU
		{A998E7E4-32F4-4D7C-8A1B-ECDC9CAF48DB}.Debug|x64.ActiveCfg = Debug|Any CPU
		{A998E7E4-32F4-4D7C-8A1B-ECDC9CAF48DB}.Debug|x64.Build.0 = Debug|Any CPU
		{A998E7E4-32F4-4D7C-8A1B-ECDC9CAF48DB}.Debug|x86.ActiveCfg = Debug|Any CPU
		{A998E7E4-32F4-4D7C-8A1B-ECDC9CAF48DB}.Debug|x86.Build.0 = Debug|Any CPU
		{A998E7E4-32F4-4D7C-8A1B-ECDC9CAF48DB}.Release|Any CPU.ActiveCfg = Release|Any CPU
		{A998E7E4-32F4-4D7C-8A1B-ECDC9CAF48DB}.Release|Any CPU.Build.0 = Release|Any CPU
		{A998E7E4-32F4-4D7C-8A1B-ECDC9CAF48DB}.Release|ARM.ActiveCfg = Release|Any CPU
		{A998E7E4-32F4-4D7C-8A1B-ECDC9CAF48DB}.Release|ARM.Build.0 = Release|Any CPU
		{A998E7E4-32F4-4D7C-8A1B-ECDC9CAF48DB}.Release|x64.ActiveCfg = Release|Any CPU
		{A998E7E4-32F4-4D7C-8A1B-ECDC9CAF48DB}.Release|x64.Build.0 = Release|Any CPU
		{A998E7E4-32F4-4D7C-8A1B-ECDC9CAF48DB}.Release|x86.ActiveCfg = Release|Any CPU
		{A998E7E4-32F4-4D7C-8A1B-ECDC9CAF48DB}.Release|x86.Build.0 = Release|Any CPU
		{DE0AD088-613D-4AC5-AF9D-5AE0FB5BE14B}.Debug|Any CPU.ActiveCfg = Debug|Any CPU
		{DE0AD088-613D-4AC5-AF9D-5AE0FB5BE14B}.Debug|Any CPU.Build.0 = Debug|Any CPU
		{DE0AD088-613D-4AC5-AF9D-5AE0FB5BE14B}.Debug|ARM.ActiveCfg = Debug|Any CPU
		{DE0AD088-613D-4AC5-AF9D-5AE0FB5BE14B}.Debug|ARM.Build.0 = Debug|Any CPU
		{DE0AD088-613D-4AC5-AF9D-5AE0FB5BE14B}.Debug|x64.ActiveCfg = Debug|Any CPU
		{DE0AD088-613D-4AC5-AF9D-5AE0FB5BE14B}.Debug|x64.Build.0 = Debug|Any CPU
		{DE0AD088-613D-4AC5-AF9D-5AE0FB5BE14B}.Debug|x86.ActiveCfg = Debug|Any CPU
		{DE0AD088-613D-4AC5-AF9D-5AE0FB5BE14B}.Debug|x86.Build.0 = Debug|Any CPU
		{DE0AD088-613D-4AC5-AF9D-5AE0FB5BE14B}.Release|Any CPU.ActiveCfg = Release|Any CPU
		{DE0AD088-613D-4AC5-AF9D-5AE0FB5BE14B}.Release|Any CPU.Build.0 = Release|Any CPU
		{DE0AD088-613D-4AC5-AF9D-5AE0FB5BE14B}.Release|ARM.ActiveCfg = Release|Any CPU
		{DE0AD088-613D-4AC5-AF9D-5AE0FB5BE14B}.Release|ARM.Build.0 = Release|Any CPU
		{DE0AD088-613D-4AC5-AF9D-5AE0FB5BE14B}.Release|x64.ActiveCfg = Release|Any CPU
		{DE0AD088-613D-4AC5-AF9D-5AE0FB5BE14B}.Release|x64.Build.0 = Release|Any CPU
		{DE0AD088-613D-4AC5-AF9D-5AE0FB5BE14B}.Release|x86.ActiveCfg = Release|Any CPU
		{DE0AD088-613D-4AC5-AF9D-5AE0FB5BE14B}.Release|x86.Build.0 = Release|Any CPU
		{BEF894D5-76D0-47C3-A18C-CE14C7405CCD}.Debug|Any CPU.ActiveCfg = Debug|Any CPU
		{BEF894D5-76D0-47C3-A18C-CE14C7405CCD}.Debug|Any CPU.Build.0 = Debug|Any CPU
		{BEF894D5-76D0-47C3-A18C-CE14C7405CCD}.Debug|ARM.ActiveCfg = Debug|Any CPU
		{BEF894D5-76D0-47C3-A18C-CE14C7405CCD}.Debug|ARM.Build.0 = Debug|Any CPU
		{BEF894D5-76D0-47C3-A18C-CE14C7405CCD}.Debug|x64.ActiveCfg = Debug|Any CPU
		{BEF894D5-76D0-47C3-A18C-CE14C7405CCD}.Debug|x64.Build.0 = Debug|Any CPU
		{BEF894D5-76D0-47C3-A18C-CE14C7405CCD}.Debug|x86.ActiveCfg = Debug|Any CPU
		{BEF894D5-76D0-47C3-A18C-CE14C7405CCD}.Debug|x86.Build.0 = Debug|Any CPU
		{BEF894D5-76D0-47C3-A18C-CE14C7405CCD}.Release|Any CPU.ActiveCfg = Release|Any CPU
		{BEF894D5-76D0-47C3-A18C-CE14C7405CCD}.Release|Any CPU.Build.0 = Release|Any CPU
		{BEF894D5-76D0-47C3-A18C-CE14C7405CCD}.Release|ARM.ActiveCfg = Release|Any CPU
		{BEF894D5-76D0-47C3-A18C-CE14C7405CCD}.Release|ARM.Build.0 = Release|Any CPU
		{BEF894D5-76D0-47C3-A18C-CE14C7405CCD}.Release|x64.ActiveCfg = Release|Any CPU
		{BEF894D5-76D0-47C3-A18C-CE14C7405CCD}.Release|x64.Build.0 = Release|Any CPU
		{BEF894D5-76D0-47C3-A18C-CE14C7405CCD}.Release|x86.ActiveCfg = Release|Any CPU
		{BEF894D5-76D0-47C3-A18C-CE14C7405CCD}.Release|x86.Build.0 = Release|Any CPU
		{A307D1C7-3B11-4F36-9FEB-FA9365C4D5E6}.Debug|Any CPU.ActiveCfg = Debug|Any CPU
		{A307D1C7-3B11-4F36-9FEB-FA9365C4D5E6}.Debug|Any CPU.Build.0 = Debug|Any CPU
		{A307D1C7-3B11-4F36-9FEB-FA9365C4D5E6}.Debug|ARM.ActiveCfg = Debug|Any CPU
		{A307D1C7-3B11-4F36-9FEB-FA9365C4D5E6}.Debug|ARM.Build.0 = Debug|Any CPU
		{A307D1C7-3B11-4F36-9FEB-FA9365C4D5E6}.Debug|x64.ActiveCfg = Debug|Any CPU
		{A307D1C7-3B11-4F36-9FEB-FA9365C4D5E6}.Debug|x64.Build.0 = Debug|Any CPU
		{A307D1C7-3B11-4F36-9FEB-FA9365C4D5E6}.Debug|x86.ActiveCfg = Debug|Any CPU
		{A307D1C7-3B11-4F36-9FEB-FA9365C4D5E6}.Debug|x86.Build.0 = Debug|Any CPU
		{A307D1C7-3B11-4F36-9FEB-FA9365C4D5E6}.Release|Any CPU.ActiveCfg = Release|Any CPU
		{A307D1C7-3B11-4F36-9FEB-FA9365C4D5E6}.Release|Any CPU.Build.0 = Release|Any CPU
		{A307D1C7-3B11-4F36-9FEB-FA9365C4D5E6}.Release|ARM.ActiveCfg = Release|Any CPU
		{A307D1C7-3B11-4F36-9FEB-FA9365C4D5E6}.Release|ARM.Build.0 = Release|Any CPU
		{A307D1C7-3B11-4F36-9FEB-FA9365C4D5E6}.Release|x64.ActiveCfg = Release|Any CPU
		{A307D1C7-3B11-4F36-9FEB-FA9365C4D5E6}.Release|x64.Build.0 = Release|Any CPU
		{A307D1C7-3B11-4F36-9FEB-FA9365C4D5E6}.Release|x86.ActiveCfg = Release|Any CPU
		{A307D1C7-3B11-4F36-9FEB-FA9365C4D5E6}.Release|x86.Build.0 = Release|Any CPU
		{0F287438-5947-4616-AF3F-17B6C95B457A}.Debug|Any CPU.ActiveCfg = Debug|Any CPU
		{0F287438-5947-4616-AF3F-17B6C95B457A}.Debug|Any CPU.Build.0 = Debug|Any CPU
		{0F287438-5947-4616-AF3F-17B6C95B457A}.Debug|ARM.ActiveCfg = Debug|Any CPU
		{0F287438-5947-4616-AF3F-17B6C95B457A}.Debug|ARM.Build.0 = Debug|Any CPU
		{0F287438-5947-4616-AF3F-17B6C95B457A}.Debug|x64.ActiveCfg = Debug|Any CPU
		{0F287438-5947-4616-AF3F-17B6C95B457A}.Debug|x64.Build.0 = Debug|Any CPU
		{0F287438-5947-4616-AF3F-17B6C95B457A}.Debug|x86.ActiveCfg = Debug|Any CPU
		{0F287438-5947-4616-AF3F-17B6C95B457A}.Debug|x86.Build.0 = Debug|Any CPU
		{0F287438-5947-4616-AF3F-17B6C95B457A}.Release|Any CPU.ActiveCfg = Release|Any CPU
		{0F287438-5947-4616-AF3F-17B6C95B457A}.Release|Any CPU.Build.0 = Release|Any CPU
		{0F287438-5947-4616-AF3F-17B6C95B457A}.Release|ARM.ActiveCfg = Release|Any CPU
		{0F287438-5947-4616-AF3F-17B6C95B457A}.Release|ARM.Build.0 = Release|Any CPU
		{0F287438-5947-4616-AF3F-17B6C95B457A}.Release|x64.ActiveCfg = Release|Any CPU
		{0F287438-5947-4616-AF3F-17B6C95B457A}.Release|x64.Build.0 = Release|Any CPU
		{0F287438-5947-4616-AF3F-17B6C95B457A}.Release|x86.ActiveCfg = Release|Any CPU
		{0F287438-5947-4616-AF3F-17B6C95B457A}.Release|x86.Build.0 = Release|Any CPU
		{1F4E1465-7429-4220-BB9C-E355A62E4429}.Debug|Any CPU.ActiveCfg = Debug|Any CPU
		{1F4E1465-7429-4220-BB9C-E355A62E4429}.Debug|Any CPU.Build.0 = Debug|Any CPU
		{1F4E1465-7429-4220-BB9C-E355A62E4429}.Debug|ARM.ActiveCfg = Debug|Any CPU
		{1F4E1465-7429-4220-BB9C-E355A62E4429}.Debug|ARM.Build.0 = Debug|Any CPU
		{1F4E1465-7429-4220-BB9C-E355A62E4429}.Debug|x64.ActiveCfg = Debug|Any CPU
		{1F4E1465-7429-4220-BB9C-E355A62E4429}.Debug|x64.Build.0 = Debug|Any CPU
		{1F4E1465-7429-4220-BB9C-E355A62E4429}.Debug|x86.ActiveCfg = Debug|Any CPU
		{1F4E1465-7429-4220-BB9C-E355A62E4429}.Debug|x86.Build.0 = Debug|Any CPU
		{1F4E1465-7429-4220-BB9C-E355A62E4429}.Release|Any CPU.ActiveCfg = Release|Any CPU
		{1F4E1465-7429-4220-BB9C-E355A62E4429}.Release|Any CPU.Build.0 = Release|Any CPU
		{1F4E1465-7429-4220-BB9C-E355A62E4429}.Release|ARM.ActiveCfg = Release|Any CPU
		{1F4E1465-7429-4220-BB9C-E355A62E4429}.Release|ARM.Build.0 = Release|Any CPU
		{1F4E1465-7429-4220-BB9C-E355A62E4429}.Release|x64.ActiveCfg = Release|Any CPU
		{1F4E1465-7429-4220-BB9C-E355A62E4429}.Release|x64.Build.0 = Release|Any CPU
		{1F4E1465-7429-4220-BB9C-E355A62E4429}.Release|x86.ActiveCfg = Release|Any CPU
		{1F4E1465-7429-4220-BB9C-E355A62E4429}.Release|x86.Build.0 = Release|Any CPU
		{98B5C86C-2094-4538-91B5-920C319B9A3F}.Debug|Any CPU.ActiveCfg = Debug|Any CPU
		{98B5C86C-2094-4538-91B5-920C319B9A3F}.Debug|Any CPU.Build.0 = Debug|Any CPU
		{98B5C86C-2094-4538-91B5-920C319B9A3F}.Debug|ARM.ActiveCfg = Debug|Any CPU
		{98B5C86C-2094-4538-91B5-920C319B9A3F}.Debug|ARM.Build.0 = Debug|Any CPU
		{98B5C86C-2094-4538-91B5-920C319B9A3F}.Debug|x64.ActiveCfg = Debug|Any CPU
		{98B5C86C-2094-4538-91B5-920C319B9A3F}.Debug|x64.Build.0 = Debug|Any CPU
		{98B5C86C-2094-4538-91B5-920C319B9A3F}.Debug|x86.ActiveCfg = Debug|Any CPU
		{98B5C86C-2094-4538-91B5-920C319B9A3F}.Debug|x86.Build.0 = Debug|Any CPU
		{98B5C86C-2094-4538-91B5-920C319B9A3F}.Release|Any CPU.ActiveCfg = Release|Any CPU
		{98B5C86C-2094-4538-91B5-920C319B9A3F}.Release|Any CPU.Build.0 = Release|Any CPU
		{98B5C86C-2094-4538-91B5-920C319B9A3F}.Release|ARM.ActiveCfg = Release|Any CPU
		{98B5C86C-2094-4538-91B5-920C319B9A3F}.Release|ARM.Build.0 = Release|Any CPU
		{98B5C86C-2094-4538-91B5-920C319B9A3F}.Release|x64.ActiveCfg = Release|Any CPU
		{98B5C86C-2094-4538-91B5-920C319B9A3F}.Release|x64.Build.0 = Release|Any CPU
		{98B5C86C-2094-4538-91B5-920C319B9A3F}.Release|x86.ActiveCfg = Release|Any CPU
		{98B5C86C-2094-4538-91B5-920C319B9A3F}.Release|x86.Build.0 = Release|Any CPU
		{7C95EE61-AB2A-4230-8495-8E5547CD65E7}.Debug|Any CPU.ActiveCfg = Debug|Any CPU
		{7C95EE61-AB2A-4230-8495-8E5547CD65E7}.Debug|Any CPU.Build.0 = Debug|Any CPU
		{7C95EE61-AB2A-4230-8495-8E5547CD65E7}.Debug|ARM.ActiveCfg = Debug|Any CPU
		{7C95EE61-AB2A-4230-8495-8E5547CD65E7}.Debug|ARM.Build.0 = Debug|Any CPU
		{7C95EE61-AB2A-4230-8495-8E5547CD65E7}.Debug|x64.ActiveCfg = Debug|Any CPU
		{7C95EE61-AB2A-4230-8495-8E5547CD65E7}.Debug|x64.Build.0 = Debug|Any CPU
		{7C95EE61-AB2A-4230-8495-8E5547CD65E7}.Debug|x86.ActiveCfg = Debug|Any CPU
		{7C95EE61-AB2A-4230-8495-8E5547CD65E7}.Debug|x86.Build.0 = Debug|Any CPU
		{7C95EE61-AB2A-4230-8495-8E5547CD65E7}.Release|Any CPU.ActiveCfg = Release|Any CPU
		{7C95EE61-AB2A-4230-8495-8E5547CD65E7}.Release|Any CPU.Build.0 = Release|Any CPU
		{7C95EE61-AB2A-4230-8495-8E5547CD65E7}.Release|ARM.ActiveCfg = Release|Any CPU
		{7C95EE61-AB2A-4230-8495-8E5547CD65E7}.Release|ARM.Build.0 = Release|Any CPU
		{7C95EE61-AB2A-4230-8495-8E5547CD65E7}.Release|x64.ActiveCfg = Release|Any CPU
		{7C95EE61-AB2A-4230-8495-8E5547CD65E7}.Release|x64.Build.0 = Release|Any CPU
		{7C95EE61-AB2A-4230-8495-8E5547CD65E7}.Release|x86.ActiveCfg = Release|Any CPU
		{7C95EE61-AB2A-4230-8495-8E5547CD65E7}.Release|x86.Build.0 = Release|Any CPU
		{21739FA6-C22E-49DF-8CB2-0282F8433FB8}.Debug|Any CPU.ActiveCfg = Debug|Any CPU
		{21739FA6-C22E-49DF-8CB2-0282F8433FB8}.Debug|Any CPU.Build.0 = Debug|Any CPU
		{21739FA6-C22E-49DF-8CB2-0282F8433FB8}.Debug|ARM.ActiveCfg = Debug|Any CPU
		{21739FA6-C22E-49DF-8CB2-0282F8433FB8}.Debug|ARM.Build.0 = Debug|Any CPU
		{21739FA6-C22E-49DF-8CB2-0282F8433FB8}.Debug|x64.ActiveCfg = Debug|Any CPU
		{21739FA6-C22E-49DF-8CB2-0282F8433FB8}.Debug|x64.Build.0 = Debug|Any CPU
		{21739FA6-C22E-49DF-8CB2-0282F8433FB8}.Debug|x86.ActiveCfg = Debug|Any CPU
		{21739FA6-C22E-49DF-8CB2-0282F8433FB8}.Debug|x86.Build.0 = Debug|Any CPU
		{21739FA6-C22E-49DF-8CB2-0282F8433FB8}.Release|Any CPU.ActiveCfg = Release|Any CPU
		{21739FA6-C22E-49DF-8CB2-0282F8433FB8}.Release|Any CPU.Build.0 = Release|Any CPU
		{21739FA6-C22E-49DF-8CB2-0282F8433FB8}.Release|ARM.ActiveCfg = Release|Any CPU
		{21739FA6-C22E-49DF-8CB2-0282F8433FB8}.Release|ARM.Build.0 = Release|Any CPU
		{21739FA6-C22E-49DF-8CB2-0282F8433FB8}.Release|x64.ActiveCfg = Release|Any CPU
		{21739FA6-C22E-49DF-8CB2-0282F8433FB8}.Release|x64.Build.0 = Release|Any CPU
		{21739FA6-C22E-49DF-8CB2-0282F8433FB8}.Release|x86.ActiveCfg = Release|Any CPU
		{21739FA6-C22E-49DF-8CB2-0282F8433FB8}.Release|x86.Build.0 = Release|Any CPU
		{7F00A261-2C3C-415D-89BE-9BCEDC3591C0}.Debug|Any CPU.ActiveCfg = Debug|Any CPU
		{7F00A261-2C3C-415D-89BE-9BCEDC3591C0}.Debug|Any CPU.Build.0 = Debug|Any CPU
		{7F00A261-2C3C-415D-89BE-9BCEDC3591C0}.Debug|ARM.ActiveCfg = Debug|Any CPU
		{7F00A261-2C3C-415D-89BE-9BCEDC3591C0}.Debug|ARM.Build.0 = Debug|Any CPU
		{7F00A261-2C3C-415D-89BE-9BCEDC3591C0}.Debug|x64.ActiveCfg = Debug|Any CPU
		{7F00A261-2C3C-415D-89BE-9BCEDC3591C0}.Debug|x64.Build.0 = Debug|Any CPU
		{7F00A261-2C3C-415D-89BE-9BCEDC3591C0}.Debug|x86.ActiveCfg = Debug|Any CPU
		{7F00A261-2C3C-415D-89BE-9BCEDC3591C0}.Debug|x86.Build.0 = Debug|Any CPU
		{7F00A261-2C3C-415D-89BE-9BCEDC3591C0}.Release|Any CPU.ActiveCfg = Release|Any CPU
		{7F00A261-2C3C-415D-89BE-9BCEDC3591C0}.Release|Any CPU.Build.0 = Release|Any CPU
		{7F00A261-2C3C-415D-89BE-9BCEDC3591C0}.Release|ARM.ActiveCfg = Release|Any CPU
		{7F00A261-2C3C-415D-89BE-9BCEDC3591C0}.Release|ARM.Build.0 = Release|Any CPU
		{7F00A261-2C3C-415D-89BE-9BCEDC3591C0}.Release|x64.ActiveCfg = Release|Any CPU
		{7F00A261-2C3C-415D-89BE-9BCEDC3591C0}.Release|x64.Build.0 = Release|Any CPU
		{7F00A261-2C3C-415D-89BE-9BCEDC3591C0}.Release|x86.ActiveCfg = Release|Any CPU
		{7F00A261-2C3C-415D-89BE-9BCEDC3591C0}.Release|x86.Build.0 = Release|Any CPU
		{3E04F558-BD47-4A92-B192-BBC1F8D6F95D}.Debug|Any CPU.ActiveCfg = Debug|Any CPU
		{3E04F558-BD47-4A92-B192-BBC1F8D6F95D}.Debug|Any CPU.Build.0 = Debug|Any CPU
		{3E04F558-BD47-4A92-B192-BBC1F8D6F95D}.Debug|ARM.ActiveCfg = Debug|Any CPU
		{3E04F558-BD47-4A92-B192-BBC1F8D6F95D}.Debug|ARM.Build.0 = Debug|Any CPU
		{3E04F558-BD47-4A92-B192-BBC1F8D6F95D}.Debug|x64.ActiveCfg = Debug|Any CPU
		{3E04F558-BD47-4A92-B192-BBC1F8D6F95D}.Debug|x64.Build.0 = Debug|Any CPU
		{3E04F558-BD47-4A92-B192-BBC1F8D6F95D}.Debug|x86.ActiveCfg = Debug|Any CPU
		{3E04F558-BD47-4A92-B192-BBC1F8D6F95D}.Debug|x86.Build.0 = Debug|Any CPU
		{3E04F558-BD47-4A92-B192-BBC1F8D6F95D}.Release|Any CPU.ActiveCfg = Release|Any CPU
		{3E04F558-BD47-4A92-B192-BBC1F8D6F95D}.Release|Any CPU.Build.0 = Release|Any CPU
		{3E04F558-BD47-4A92-B192-BBC1F8D6F95D}.Release|ARM.ActiveCfg = Release|Any CPU
		{3E04F558-BD47-4A92-B192-BBC1F8D6F95D}.Release|ARM.Build.0 = Release|Any CPU
		{3E04F558-BD47-4A92-B192-BBC1F8D6F95D}.Release|x64.ActiveCfg = Release|Any CPU
		{3E04F558-BD47-4A92-B192-BBC1F8D6F95D}.Release|x64.Build.0 = Release|Any CPU
		{3E04F558-BD47-4A92-B192-BBC1F8D6F95D}.Release|x86.ActiveCfg = Release|Any CPU
		{3E04F558-BD47-4A92-B192-BBC1F8D6F95D}.Release|x86.Build.0 = Release|Any CPU
		{6E705C0B-2C70-4ADA-ACE4-44BA7D929440}.Debug|Any CPU.ActiveCfg = Debug|Any CPU
		{6E705C0B-2C70-4ADA-ACE4-44BA7D929440}.Debug|Any CPU.Build.0 = Debug|Any CPU
		{6E705C0B-2C70-4ADA-ACE4-44BA7D929440}.Debug|ARM.ActiveCfg = Debug|Any CPU
		{6E705C0B-2C70-4ADA-ACE4-44BA7D929440}.Debug|ARM.Build.0 = Debug|Any CPU
		{6E705C0B-2C70-4ADA-ACE4-44BA7D929440}.Debug|x64.ActiveCfg = Debug|Any CPU
		{6E705C0B-2C70-4ADA-ACE4-44BA7D929440}.Debug|x64.Build.0 = Debug|Any CPU
		{6E705C0B-2C70-4ADA-ACE4-44BA7D929440}.Debug|x86.ActiveCfg = Debug|Any CPU
		{6E705C0B-2C70-4ADA-ACE4-44BA7D929440}.Debug|x86.Build.0 = Debug|Any CPU
		{6E705C0B-2C70-4ADA-ACE4-44BA7D929440}.Release|Any CPU.ActiveCfg = Release|Any CPU
		{6E705C0B-2C70-4ADA-ACE4-44BA7D929440}.Release|Any CPU.Build.0 = Release|Any CPU
		{6E705C0B-2C70-4ADA-ACE4-44BA7D929440}.Release|ARM.ActiveCfg = Release|Any CPU
		{6E705C0B-2C70-4ADA-ACE4-44BA7D929440}.Release|ARM.Build.0 = Release|Any CPU
		{6E705C0B-2C70-4ADA-ACE4-44BA7D929440}.Release|x64.ActiveCfg = Release|Any CPU
		{6E705C0B-2C70-4ADA-ACE4-44BA7D929440}.Release|x64.Build.0 = Release|Any CPU
		{6E705C0B-2C70-4ADA-ACE4-44BA7D929440}.Release|x86.ActiveCfg = Release|Any CPU
		{6E705C0B-2C70-4ADA-ACE4-44BA7D929440}.Release|x86.Build.0 = Release|Any CPU
		{5EDA394E-0F70-437A-A783-F93B6D8C4838}.Debug|Any CPU.ActiveCfg = Debug|Any CPU
		{5EDA394E-0F70-437A-A783-F93B6D8C4838}.Debug|Any CPU.Build.0 = Debug|Any CPU
		{5EDA394E-0F70-437A-A783-F93B6D8C4838}.Debug|ARM.ActiveCfg = Debug|Any CPU
		{5EDA394E-0F70-437A-A783-F93B6D8C4838}.Debug|ARM.Build.0 = Debug|Any CPU
		{5EDA394E-0F70-437A-A783-F93B6D8C4838}.Debug|x64.ActiveCfg = Debug|Any CPU
		{5EDA394E-0F70-437A-A783-F93B6D8C4838}.Debug|x64.Build.0 = Debug|Any CPU
		{5EDA394E-0F70-437A-A783-F93B6D8C4838}.Debug|x86.ActiveCfg = Debug|Any CPU
		{5EDA394E-0F70-437A-A783-F93B6D8C4838}.Debug|x86.Build.0 = Debug|Any CPU
		{5EDA394E-0F70-437A-A783-F93B6D8C4838}.Release|Any CPU.ActiveCfg = Release|Any CPU
		{5EDA394E-0F70-437A-A783-F93B6D8C4838}.Release|Any CPU.Build.0 = Release|Any CPU
		{5EDA394E-0F70-437A-A783-F93B6D8C4838}.Release|ARM.ActiveCfg = Release|Any CPU
		{5EDA394E-0F70-437A-A783-F93B6D8C4838}.Release|ARM.Build.0 = Release|Any CPU
		{5EDA394E-0F70-437A-A783-F93B6D8C4838}.Release|x64.ActiveCfg = Release|Any CPU
		{5EDA394E-0F70-437A-A783-F93B6D8C4838}.Release|x64.Build.0 = Release|Any CPU
		{5EDA394E-0F70-437A-A783-F93B6D8C4838}.Release|x86.ActiveCfg = Release|Any CPU
		{5EDA394E-0F70-437A-A783-F93B6D8C4838}.Release|x86.Build.0 = Release|Any CPU
		{7E8226F0-BD6A-4344-9533-47A017419C00}.Debug|Any CPU.ActiveCfg = Debug|Any CPU
		{7E8226F0-BD6A-4344-9533-47A017419C00}.Debug|Any CPU.Build.0 = Debug|Any CPU
		{7E8226F0-BD6A-4344-9533-47A017419C00}.Debug|ARM.ActiveCfg = Debug|Any CPU
		{7E8226F0-BD6A-4344-9533-47A017419C00}.Debug|ARM.Build.0 = Debug|Any CPU
		{7E8226F0-BD6A-4344-9533-47A017419C00}.Debug|x64.ActiveCfg = Debug|Any CPU
		{7E8226F0-BD6A-4344-9533-47A017419C00}.Debug|x64.Build.0 = Debug|Any CPU
		{7E8226F0-BD6A-4344-9533-47A017419C00}.Debug|x86.ActiveCfg = Debug|Any CPU
		{7E8226F0-BD6A-4344-9533-47A017419C00}.Debug|x86.Build.0 = Debug|Any CPU
		{7E8226F0-BD6A-4344-9533-47A017419C00}.Release|Any CPU.ActiveCfg = Release|Any CPU
		{7E8226F0-BD6A-4344-9533-47A017419C00}.Release|Any CPU.Build.0 = Release|Any CPU
		{7E8226F0-BD6A-4344-9533-47A017419C00}.Release|ARM.ActiveCfg = Release|Any CPU
		{7E8226F0-BD6A-4344-9533-47A017419C00}.Release|ARM.Build.0 = Release|Any CPU
		{7E8226F0-BD6A-4344-9533-47A017419C00}.Release|x64.ActiveCfg = Release|Any CPU
		{7E8226F0-BD6A-4344-9533-47A017419C00}.Release|x64.Build.0 = Release|Any CPU
		{7E8226F0-BD6A-4344-9533-47A017419C00}.Release|x86.ActiveCfg = Release|Any CPU
		{7E8226F0-BD6A-4344-9533-47A017419C00}.Release|x86.Build.0 = Release|Any CPU
		{99465696-0D53-4D73-A020-FF5FC93D27B6}.Debug|Any CPU.ActiveCfg = Debug|Any CPU
		{99465696-0D53-4D73-A020-FF5FC93D27B6}.Debug|Any CPU.Build.0 = Debug|Any CPU
		{99465696-0D53-4D73-A020-FF5FC93D27B6}.Debug|ARM.ActiveCfg = Debug|Any CPU
		{99465696-0D53-4D73-A020-FF5FC93D27B6}.Debug|ARM.Build.0 = Debug|Any CPU
		{99465696-0D53-4D73-A020-FF5FC93D27B6}.Debug|x64.ActiveCfg = Debug|Any CPU
		{99465696-0D53-4D73-A020-FF5FC93D27B6}.Debug|x64.Build.0 = Debug|Any CPU
		{99465696-0D53-4D73-A020-FF5FC93D27B6}.Debug|x86.ActiveCfg = Debug|Any CPU
		{99465696-0D53-4D73-A020-FF5FC93D27B6}.Debug|x86.Build.0 = Debug|Any CPU
		{99465696-0D53-4D73-A020-FF5FC93D27B6}.Release|Any CPU.ActiveCfg = Release|Any CPU
		{99465696-0D53-4D73-A020-FF5FC93D27B6}.Release|Any CPU.Build.0 = Release|Any CPU
		{99465696-0D53-4D73-A020-FF5FC93D27B6}.Release|ARM.ActiveCfg = Release|Any CPU
		{99465696-0D53-4D73-A020-FF5FC93D27B6}.Release|ARM.Build.0 = Release|Any CPU
		{99465696-0D53-4D73-A020-FF5FC93D27B6}.Release|x64.ActiveCfg = Release|Any CPU
		{99465696-0D53-4D73-A020-FF5FC93D27B6}.Release|x64.Build.0 = Release|Any CPU
		{99465696-0D53-4D73-A020-FF5FC93D27B6}.Release|x86.ActiveCfg = Release|Any CPU
		{99465696-0D53-4D73-A020-FF5FC93D27B6}.Release|x86.Build.0 = Release|Any CPU
		{FAB3CC55-1B71-4841-B471-3DA7F1E33FE1}.Debug|Any CPU.ActiveCfg = Debug|Any CPU
		{FAB3CC55-1B71-4841-B471-3DA7F1E33FE1}.Debug|Any CPU.Build.0 = Debug|Any CPU
		{FAB3CC55-1B71-4841-B471-3DA7F1E33FE1}.Debug|ARM.ActiveCfg = Debug|Any CPU
		{FAB3CC55-1B71-4841-B471-3DA7F1E33FE1}.Debug|ARM.Build.0 = Debug|Any CPU
		{FAB3CC55-1B71-4841-B471-3DA7F1E33FE1}.Debug|x64.ActiveCfg = Debug|Any CPU
		{FAB3CC55-1B71-4841-B471-3DA7F1E33FE1}.Debug|x64.Build.0 = Debug|Any CPU
		{FAB3CC55-1B71-4841-B471-3DA7F1E33FE1}.Debug|x86.ActiveCfg = Debug|Any CPU
		{FAB3CC55-1B71-4841-B471-3DA7F1E33FE1}.Debug|x86.Build.0 = Debug|Any CPU
		{FAB3CC55-1B71-4841-B471-3DA7F1E33FE1}.Release|Any CPU.ActiveCfg = Release|Any CPU
		{FAB3CC55-1B71-4841-B471-3DA7F1E33FE1}.Release|Any CPU.Build.0 = Release|Any CPU
		{FAB3CC55-1B71-4841-B471-3DA7F1E33FE1}.Release|ARM.ActiveCfg = Release|Any CPU
		{FAB3CC55-1B71-4841-B471-3DA7F1E33FE1}.Release|ARM.Build.0 = Release|Any CPU
		{FAB3CC55-1B71-4841-B471-3DA7F1E33FE1}.Release|x64.ActiveCfg = Release|Any CPU
		{FAB3CC55-1B71-4841-B471-3DA7F1E33FE1}.Release|x64.Build.0 = Release|Any CPU
		{FAB3CC55-1B71-4841-B471-3DA7F1E33FE1}.Release|x86.ActiveCfg = Release|Any CPU
		{FAB3CC55-1B71-4841-B471-3DA7F1E33FE1}.Release|x86.Build.0 = Release|Any CPU
		{A2B77554-A658-48B4-8B03-6AB7D52C79B5}.Debug|Any CPU.ActiveCfg = Debug|Any CPU
		{A2B77554-A658-48B4-8B03-6AB7D52C79B5}.Debug|Any CPU.Build.0 = Debug|Any CPU
		{A2B77554-A658-48B4-8B03-6AB7D52C79B5}.Debug|ARM.ActiveCfg = Debug|Any CPU
		{A2B77554-A658-48B4-8B03-6AB7D52C79B5}.Debug|ARM.Build.0 = Debug|Any CPU
		{A2B77554-A658-48B4-8B03-6AB7D52C79B5}.Debug|x64.ActiveCfg = Debug|Any CPU
		{A2B77554-A658-48B4-8B03-6AB7D52C79B5}.Debug|x64.Build.0 = Debug|Any CPU
		{A2B77554-A658-48B4-8B03-6AB7D52C79B5}.Debug|x86.ActiveCfg = Debug|Any CPU
		{A2B77554-A658-48B4-8B03-6AB7D52C79B5}.Debug|x86.Build.0 = Debug|Any CPU
		{A2B77554-A658-48B4-8B03-6AB7D52C79B5}.Release|Any CPU.ActiveCfg = Release|Any CPU
		{A2B77554-A658-48B4-8B03-6AB7D52C79B5}.Release|Any CPU.Build.0 = Release|Any CPU
		{A2B77554-A658-48B4-8B03-6AB7D52C79B5}.Release|ARM.ActiveCfg = Release|Any CPU
		{A2B77554-A658-48B4-8B03-6AB7D52C79B5}.Release|ARM.Build.0 = Release|Any CPU
		{A2B77554-A658-48B4-8B03-6AB7D52C79B5}.Release|x64.ActiveCfg = Release|Any CPU
		{A2B77554-A658-48B4-8B03-6AB7D52C79B5}.Release|x64.Build.0 = Release|Any CPU
		{A2B77554-A658-48B4-8B03-6AB7D52C79B5}.Release|x86.ActiveCfg = Release|Any CPU
		{A2B77554-A658-48B4-8B03-6AB7D52C79B5}.Release|x86.Build.0 = Release|Any CPU
		{D9254CC8-A1EB-4A8D-93FB-C79478AFE1B4}.Debug|Any CPU.ActiveCfg = Debug|Any CPU
		{D9254CC8-A1EB-4A8D-93FB-C79478AFE1B4}.Debug|Any CPU.Build.0 = Debug|Any CPU
		{D9254CC8-A1EB-4A8D-93FB-C79478AFE1B4}.Debug|ARM.ActiveCfg = Debug|Any CPU
		{D9254CC8-A1EB-4A8D-93FB-C79478AFE1B4}.Debug|ARM.Build.0 = Debug|Any CPU
		{D9254CC8-A1EB-4A8D-93FB-C79478AFE1B4}.Debug|x64.ActiveCfg = Debug|Any CPU
		{D9254CC8-A1EB-4A8D-93FB-C79478AFE1B4}.Debug|x64.Build.0 = Debug|Any CPU
		{D9254CC8-A1EB-4A8D-93FB-C79478AFE1B4}.Debug|x86.ActiveCfg = Debug|Any CPU
		{D9254CC8-A1EB-4A8D-93FB-C79478AFE1B4}.Debug|x86.Build.0 = Debug|Any CPU
		{D9254CC8-A1EB-4A8D-93FB-C79478AFE1B4}.Release|Any CPU.ActiveCfg = Release|Any CPU
		{D9254CC8-A1EB-4A8D-93FB-C79478AFE1B4}.Release|Any CPU.Build.0 = Release|Any CPU
		{D9254CC8-A1EB-4A8D-93FB-C79478AFE1B4}.Release|ARM.ActiveCfg = Release|Any CPU
		{D9254CC8-A1EB-4A8D-93FB-C79478AFE1B4}.Release|ARM.Build.0 = Release|Any CPU
		{D9254CC8-A1EB-4A8D-93FB-C79478AFE1B4}.Release|x64.ActiveCfg = Release|Any CPU
		{D9254CC8-A1EB-4A8D-93FB-C79478AFE1B4}.Release|x64.Build.0 = Release|Any CPU
		{D9254CC8-A1EB-4A8D-93FB-C79478AFE1B4}.Release|x86.ActiveCfg = Release|Any CPU
		{D9254CC8-A1EB-4A8D-93FB-C79478AFE1B4}.Release|x86.Build.0 = Release|Any CPU
	EndGlobalSection
	GlobalSection(SolutionProperties) = preSolution
		HideSolutionNode = FALSE
	EndGlobalSection
	GlobalSection(NestedProjects) = preSolution
		{3B717F45-B6D6-4158-BCFD-59190C505676} = {96D8DE45-5547-440F-9E20-F31ED7464BB8}
		{0C463D85-5A21-4B31-9A7B-CF148D709C59} = {96D8DE45-5547-440F-9E20-F31ED7464BB8}
		{B1AAE88C-169A-43BA-B8A1-8136C2237B7C} = {96D8DE45-5547-440F-9E20-F31ED7464BB8}
		{83289E7A-186D-4C0C-927B-B751ABA36A90} = {96D8DE45-5547-440F-9E20-F31ED7464BB8}
		{ACA70C1A-7039-4B37-B1AC-06FFA9B7386B} = {96D8DE45-5547-440F-9E20-F31ED7464BB8}
		{B9CA9BE2-0EA1-455E-849F-860DE219BEF8} = {96D8DE45-5547-440F-9E20-F31ED7464BB8}
		{6A1D521F-D003-4F82-A0B9-A02C02102D76} = {444A07AB-75DC-4BB4-94A5-8C3765D7C299}
		{2C132453-C8E6-4792-9395-26FF6D2C9779} = {444A07AB-75DC-4BB4-94A5-8C3765D7C299}
		{690853B5-3DBA-4E15-B38F-0AE3EFC15910} = {444A07AB-75DC-4BB4-94A5-8C3765D7C299}
		{FC01313F-C367-479E-A748-4E3683FF5883} = {444A07AB-75DC-4BB4-94A5-8C3765D7C299}
		{D7E2DFC4-942E-4CC1-B7FE-A9633218CED3} = {444A07AB-75DC-4BB4-94A5-8C3765D7C299}
		{A8D1BD2C-9566-42C3-A477-702CDDF7C82A} = {444A07AB-75DC-4BB4-94A5-8C3765D7C299}
		{31316E52-BF6D-403E-BA0F-D0DEADD63916} = {444A07AB-75DC-4BB4-94A5-8C3765D7C299}
		{7D75C790-B4A4-4349-ACAD-DA723D4C1365} = {96D8DE45-5547-440F-9E20-F31ED7464BB8}
		{8E4EB077-021C-4C8E-BAA5-9E0184176064} = {B9CA9BE2-0EA1-455E-849F-860DE219BEF8}
		{CAA6579A-800E-4B62-8065-2F71EFACA93E} = {B9CA9BE2-0EA1-455E-849F-860DE219BEF8}
		{0BAE336E-CBE1-44E7-8A0E-D621AB974A12} = {B9CA9BE2-0EA1-455E-849F-860DE219BEF8}
		{16E56BAD-E644-433B-A207-DAA82921153D} = {B9CA9BE2-0EA1-455E-849F-860DE219BEF8}
		{BE74F02F-A056-4020-8438-F8D86B838FB6} = {B1AAE88C-169A-43BA-B8A1-8136C2237B7C}
		{8AFC4C3D-B7B0-44BB-BF42-7918EEAE5D95} = {83289E7A-186D-4C0C-927B-B751ABA36A90}
		{3E5DAE00-770C-4D2A-A1E6-E085FD57BD22} = {0C463D85-5A21-4B31-9A7B-CF148D709C59}
		{379E2087-05CA-42B5-B7CB-C9F3E0D9882D} = {B1AAE88C-169A-43BA-B8A1-8136C2237B7C}
		{BAA712F4-1F97-4DE6-97E3-F93A374FD635} = {B1AAE88C-169A-43BA-B8A1-8136C2237B7C}
		{A998E7E4-32F4-4D7C-8A1B-ECDC9CAF48DB} = {3B717F45-B6D6-4158-BCFD-59190C505676}
		{DE0AD088-613D-4AC5-AF9D-5AE0FB5BE14B} = {3B717F45-B6D6-4158-BCFD-59190C505676}
		{BEF894D5-76D0-47C3-A18C-CE14C7405CCD} = {D7E2DFC4-942E-4CC1-B7FE-A9633218CED3}
		{A307D1C7-3B11-4F36-9FEB-FA9365C4D5E6} = {FC01313F-C367-479E-A748-4E3683FF5883}
		{0F287438-5947-4616-AF3F-17B6C95B457A} = {690853B5-3DBA-4E15-B38F-0AE3EFC15910}
		{1F4E1465-7429-4220-BB9C-E355A62E4429} = {690853B5-3DBA-4E15-B38F-0AE3EFC15910}
		{98B5C86C-2094-4538-91B5-920C319B9A3F} = {2C132453-C8E6-4792-9395-26FF6D2C9779}
		{7C95EE61-AB2A-4230-8495-8E5547CD65E7} = {6A1D521F-D003-4F82-A0B9-A02C02102D76}
		{21739FA6-C22E-49DF-8CB2-0282F8433FB8} = {6A1D521F-D003-4F82-A0B9-A02C02102D76}
		{7F00A261-2C3C-415D-89BE-9BCEDC3591C0} = {A8D1BD2C-9566-42C3-A477-702CDDF7C82A}
		{3E04F558-BD47-4A92-B192-BBC1F8D6F95D} = {A0BE54BD-4ADB-4D9B-AD1E-764675314D85}
		{6E705C0B-2C70-4ADA-ACE4-44BA7D929440} = {ACA70C1A-7039-4B37-B1AC-06FFA9B7386B}
		{5EDA394E-0F70-437A-A783-F93B6D8C4838} = {ACA70C1A-7039-4B37-B1AC-06FFA9B7386B}
		{7E8226F0-BD6A-4344-9533-47A017419C00} = {7D75C790-B4A4-4349-ACAD-DA723D4C1365}
		{99465696-0D53-4D73-A020-FF5FC93D27B6} = {B9CA9BE2-0EA1-455E-849F-860DE219BEF8}
		{FAB3CC55-1B71-4841-B471-3DA7F1E33FE1} = {3B717F45-B6D6-4158-BCFD-59190C505676}
		{A2B77554-A658-48B4-8B03-6AB7D52C79B5} = {3B717F45-B6D6-4158-BCFD-59190C505676}
		{D9254CC8-A1EB-4A8D-93FB-C79478AFE1B4} = {B1AAE88C-169A-43BA-B8A1-8136C2237B7C}
	EndGlobalSection
EndGlobal
